// !$*UTF8*$!
{
	archiveVersion = 1;
	classes = {
	};
	objectVersion = 50;
	objects = {

/* Begin PBXBuildFile section */
		7D2D4AAE2358FB63001FEEA4 /* OSP.framework in Frameworks */ = {isa = PBXBuildFile; fileRef = 7D2D4AA52358FB63001FEEA4 /* OSP.framework */; };
		7D2D4AB32358FB63001FEEA4 /* OSPTests.swift in Sources */ = {isa = PBXBuildFile; fileRef = 7D2D4AB22358FB63001FEEA4 /* OSPTests.swift */; };
		7D2D4AB52358FB63001FEEA4 /* OSP.h in Headers */ = {isa = PBXBuildFile; fileRef = 7D2D4AA72358FB63001FEEA4 /* OSP.h */; settings = {ATTRIBUTES = (Public, ); }; };
		7D2D4ABC2358FB74001FEEA4 /* Oberon.framework in Frameworks */ = {isa = PBXBuildFile; fileRef = 7DF66E182357589A00FA7AD5 /* Oberon.framework */; };
		7D2D4ABD2358FB74001FEEA4 /* Oberon.framework in Embed Frameworks */ = {isa = PBXBuildFile; fileRef = 7DF66E182357589A00FA7AD5 /* Oberon.framework */; settings = {ATTRIBUTES = (CodeSignOnCopy, RemoveHeadersOnCopy, ); }; };
		7D2D4AC02358FB74001FEEA4 /* OSS.framework in Frameworks */ = {isa = PBXBuildFile; fileRef = 7DF66E4E235778FE00FA7AD5 /* OSS.framework */; };
		7D2D4AC12358FB74001FEEA4 /* OSS.framework in Embed Frameworks */ = {isa = PBXBuildFile; fileRef = 7DF66E4E235778FE00FA7AD5 /* OSS.framework */; settings = {ATTRIBUTES = (CodeSignOnCopy, RemoveHeadersOnCopy, ); }; };
		7D2D4AC42358FB74001FEEA4 /* Texts.framework in Frameworks */ = {isa = PBXBuildFile; fileRef = 7DF66DE92357567F00FA7AD5 /* Texts.framework */; };
		7D2D4AC52358FB74001FEEA4 /* Texts.framework in Embed Frameworks */ = {isa = PBXBuildFile; fileRef = 7DF66DE92357567F00FA7AD5 /* Texts.framework */; settings = {ATTRIBUTES = (CodeSignOnCopy, RemoveHeadersOnCopy, ); }; };
		7D2D4ACA2358FBA7001FEEA4 /* OSP.swift in Sources */ = {isa = PBXBuildFile; fileRef = 7D2D4AC92358FBA7001FEEA4 /* OSP.swift */; };
		7D2D4ACB2358FBA7001FEEA4 /* OSP.swift in Sources */ = {isa = PBXBuildFile; fileRef = 7D2D4AC92358FBA7001FEEA4 /* OSP.swift */; };
		7D2D4ADA235931D3001FEEA4 /* OSG.framework in Frameworks */ = {isa = PBXBuildFile; fileRef = 7D2D4AD1235931D2001FEEA4 /* OSG.framework */; };
		7D2D4ADF235931D3001FEEA4 /* OSGTests.swift in Sources */ = {isa = PBXBuildFile; fileRef = 7D2D4ADE235931D3001FEEA4 /* OSGTests.swift */; };
		7D2D4AE1235931D3001FEEA4 /* OSG.h in Headers */ = {isa = PBXBuildFile; fileRef = 7D2D4AD3235931D3001FEEA4 /* OSG.h */; settings = {ATTRIBUTES = (Public, ); }; };
		7D2D4AE9235931E6001FEEA4 /* OSG.swift in Sources */ = {isa = PBXBuildFile; fileRef = 7D2D4AE8235931E6001FEEA4 /* OSG.swift */; };
		7D2D4AEA235931E6001FEEA4 /* OSG.swift in Sources */ = {isa = PBXBuildFile; fileRef = 7D2D4AE8235931E6001FEEA4 /* OSG.swift */; };
		7D2D4AEB23593A36001FEEA4 /* OSG.framework in Frameworks */ = {isa = PBXBuildFile; fileRef = 7D2D4AD1235931D2001FEEA4 /* OSG.framework */; };
		7D2D4AEC23593A36001FEEA4 /* OSG.framework in Embed Frameworks */ = {isa = PBXBuildFile; fileRef = 7D2D4AD1235931D2001FEEA4 /* OSG.framework */; settings = {ATTRIBUTES = (CodeSignOnCopy, RemoveHeadersOnCopy, ); }; };
		7D2D4AEF23593A53001FEEA4 /* Oberon.framework in Frameworks */ = {isa = PBXBuildFile; fileRef = 7DF66E182357589A00FA7AD5 /* Oberon.framework */; };
		7D2D4AF023593A53001FEEA4 /* Oberon.framework in Embed Frameworks */ = {isa = PBXBuildFile; fileRef = 7DF66E182357589A00FA7AD5 /* Oberon.framework */; settings = {ATTRIBUTES = (CodeSignOnCopy, RemoveHeadersOnCopy, ); }; };
		7D2D4AF323593A53001FEEA4 /* OSS.framework in Frameworks */ = {isa = PBXBuildFile; fileRef = 7DF66E4E235778FE00FA7AD5 /* OSS.framework */; };
		7D2D4AF423593A53001FEEA4 /* OSS.framework in Embed Frameworks */ = {isa = PBXBuildFile; fileRef = 7DF66E4E235778FE00FA7AD5 /* OSS.framework */; settings = {ATTRIBUTES = (CodeSignOnCopy, RemoveHeadersOnCopy, ); }; };
		7D2D4AF723593A53001FEEA4 /* Texts.framework in Frameworks */ = {isa = PBXBuildFile; fileRef = 7DF66DE92357567F00FA7AD5 /* Texts.framework */; };
		7D2D4AF823593A53001FEEA4 /* Texts.framework in Embed Frameworks */ = {isa = PBXBuildFile; fileRef = 7DF66DE92357567F00FA7AD5 /* Texts.framework */; settings = {ATTRIBUTES = (CodeSignOnCopy, RemoveHeadersOnCopy, ); }; };
		7D2D4B0A235953E6001FEEA4 /* RISC.framework in Frameworks */ = {isa = PBXBuildFile; fileRef = 7D2D4B01235953E5001FEEA4 /* RISC.framework */; };
		7D2D4B0F235953E6001FEEA4 /* RISCTests.swift in Sources */ = {isa = PBXBuildFile; fileRef = 7D2D4B0E235953E6001FEEA4 /* RISCTests.swift */; };
		7D2D4B11235953E6001FEEA4 /* RISC.h in Headers */ = {isa = PBXBuildFile; fileRef = 7D2D4B03235953E6001FEEA4 /* RISC.h */; settings = {ATTRIBUTES = (Public, ); }; };
		7D2D4B19235953FA001FEEA4 /* RISC.swift in Sources */ = {isa = PBXBuildFile; fileRef = 7D2D4B18235953FA001FEEA4 /* RISC.swift */; };
		7D2D4B1A235953FA001FEEA4 /* RISC.swift in Sources */ = {isa = PBXBuildFile; fileRef = 7D2D4B18235953FA001FEEA4 /* RISC.swift */; };
		7D2D4B1B2359566C001FEEA4 /* Oberon.framework in Frameworks */ = {isa = PBXBuildFile; fileRef = 7DF66E182357589A00FA7AD5 /* Oberon.framework */; };
		7D2D4B1C2359566C001FEEA4 /* Oberon.framework in Embed Frameworks */ = {isa = PBXBuildFile; fileRef = 7DF66E182357589A00FA7AD5 /* Oberon.framework */; settings = {ATTRIBUTES = (CodeSignOnCopy, RemoveHeadersOnCopy, ); }; };
		7D2D4B2023595688001FEEA4 /* RISC.framework in Frameworks */ = {isa = PBXBuildFile; fileRef = 7D2D4B01235953E5001FEEA4 /* RISC.framework */; };
		7D2D4B2123595688001FEEA4 /* RISC.framework in Embed Frameworks */ = {isa = PBXBuildFile; fileRef = 7D2D4B01235953E5001FEEA4 /* RISC.framework */; settings = {ATTRIBUTES = (CodeSignOnCopy, RemoveHeadersOnCopy, ); }; };
		7DE636B7235779B000803EE6 /* OSS.swift in Sources */ = {isa = PBXBuildFile; fileRef = 7DE636B6235779B000803EE6 /* OSS.swift */; };
		7DE636B8235779B000803EE6 /* OSS.swift in Sources */ = {isa = PBXBuildFile; fileRef = 7DE636B6235779B000803EE6 /* OSS.swift */; };
		7DE636B923577D0C00803EE6 /* Oberon.framework in Frameworks */ = {isa = PBXBuildFile; fileRef = 7DF66E182357589A00FA7AD5 /* Oberon.framework */; };
		7DE636BA23577D0C00803EE6 /* Oberon.framework in Embed Frameworks */ = {isa = PBXBuildFile; fileRef = 7DF66E182357589A00FA7AD5 /* Oberon.framework */; settings = {ATTRIBUTES = (CodeSignOnCopy, RemoveHeadersOnCopy, ); }; };
		7DE636BD23577D0C00803EE6 /* Texts.framework in Frameworks */ = {isa = PBXBuildFile; fileRef = 7DF66DE92357567F00FA7AD5 /* Texts.framework */; };
		7DE636BE23577D0C00803EE6 /* Texts.framework in Embed Frameworks */ = {isa = PBXBuildFile; fileRef = 7DF66DE92357567F00FA7AD5 /* Texts.framework */; settings = {ATTRIBUTES = (CodeSignOnCopy, RemoveHeadersOnCopy, ); }; };
		7DE636C323577FF800803EE6 /* Oberon+Extension.swift in Sources */ = {isa = PBXBuildFile; fileRef = 7DE636C223577FF800803EE6 /* Oberon+Extension.swift */; };
		7DE636C423577FF800803EE6 /* Oberon+Extension.swift in Sources */ = {isa = PBXBuildFile; fileRef = 7DE636C223577FF800803EE6 /* Oberon+Extension.swift */; };
		7DE636C5235780B300803EE6 /* Oberon.swift in Sources */ = {isa = PBXBuildFile; fileRef = 7DF66E32235758E700FA7AD5 /* Oberon.swift */; };
		7DE636C6235780B500803EE6 /* Oberon.swift in Sources */ = {isa = PBXBuildFile; fileRef = 7DF66E32235758E700FA7AD5 /* Oberon.swift */; };
		7DF66DDE2357564300FA7AD5 /* main.swift in Sources */ = {isa = PBXBuildFile; fileRef = 7DF66DDD2357564300FA7AD5 /* main.swift */; };
		7DF66DF22357568200FA7AD5 /* Texts.framework in Frameworks */ = {isa = PBXBuildFile; fileRef = 7DF66DE92357567F00FA7AD5 /* Texts.framework */; };
		7DF66DF72357568200FA7AD5 /* TextsTests.swift in Sources */ = {isa = PBXBuildFile; fileRef = 7DF66DF62357568200FA7AD5 /* TextsTests.swift */; };
		7DF66DF92357568200FA7AD5 /* Texts.h in Headers */ = {isa = PBXBuildFile; fileRef = 7DF66DEB2357568000FA7AD5 /* Texts.h */; settings = {ATTRIBUTES = (Public, ); }; };
		7DF66E042357572A00FA7AD5 /* Texts.swift in Sources */ = {isa = PBXBuildFile; fileRef = 7DF66E032357572A00FA7AD5 /* Texts.swift */; };
		7DF66E052357572A00FA7AD5 /* Texts.swift in Sources */ = {isa = PBXBuildFile; fileRef = 7DF66E032357572A00FA7AD5 /* Texts.swift */; };
		7DF66E212357589B00FA7AD5 /* Oberon.framework in Frameworks */ = {isa = PBXBuildFile; fileRef = 7DF66E182357589A00FA7AD5 /* Oberon.framework */; };
		7DF66E262357589B00FA7AD5 /* OberonTests.swift in Sources */ = {isa = PBXBuildFile; fileRef = 7DF66E252357589B00FA7AD5 /* OberonTests.swift */; };
		7DF66E282357589B00FA7AD5 /* Oberon.h in Headers */ = {isa = PBXBuildFile; fileRef = 7DF66E1A2357589B00FA7AD5 /* Oberon.h */; settings = {ATTRIBUTES = (Public, ); }; };
		7DF66E30235758C100FA7AD5 /* Types.swift in Sources */ = {isa = PBXBuildFile; fileRef = 7DF66E2F235758C100FA7AD5 /* Types.swift */; };
		7DF66E31235758C100FA7AD5 /* Types.swift in Sources */ = {isa = PBXBuildFile; fileRef = 7DF66E2F235758C100FA7AD5 /* Types.swift */; };
		7DF66E362357598100FA7AD5 /* DefaultInitializable.swift in Sources */ = {isa = PBXBuildFile; fileRef = 7DF66E352357598100FA7AD5 /* DefaultInitializable.swift */; };
		7DF66E372357598100FA7AD5 /* DefaultInitializable.swift in Sources */ = {isa = PBXBuildFile; fileRef = 7DF66E352357598100FA7AD5 /* DefaultInitializable.swift */; };
		7DF66E3923575D7300FA7AD5 /* ARRAY.swift in Sources */ = {isa = PBXBuildFile; fileRef = 7DF66E3823575D7300FA7AD5 /* ARRAY.swift */; };
		7DF66E3A23575D7300FA7AD5 /* ARRAY.swift in Sources */ = {isa = PBXBuildFile; fileRef = 7DF66E3823575D7300FA7AD5 /* ARRAY.swift */; };
		7DF66E3C23575D8600FA7AD5 /* CHAR.swift in Sources */ = {isa = PBXBuildFile; fileRef = 7DF66E3B23575D8600FA7AD5 /* CHAR.swift */; };
		7DF66E3D23575D8600FA7AD5 /* CHAR.swift in Sources */ = {isa = PBXBuildFile; fileRef = 7DF66E3B23575D8600FA7AD5 /* CHAR.swift */; };
		7DF66E3F23576A3300FA7AD5 /* Oberon.framework in Frameworks */ = {isa = PBXBuildFile; fileRef = 7DF66E182357589A00FA7AD5 /* Oberon.framework */; };
		7DF66E4023576A3300FA7AD5 /* Oberon.framework in Embed Frameworks */ = {isa = PBXBuildFile; fileRef = 7DF66E182357589A00FA7AD5 /* Oberon.framework */; settings = {ATTRIBUTES = (CodeSignOnCopy, RemoveHeadersOnCopy, ); }; };
		7DF66E57235778FE00FA7AD5 /* OSS.framework in Frameworks */ = {isa = PBXBuildFile; fileRef = 7DF66E4E235778FE00FA7AD5 /* OSS.framework */; };
		7DF66E5C235778FF00FA7AD5 /* OSSTests.swift in Sources */ = {isa = PBXBuildFile; fileRef = 7DF66E5B235778FF00FA7AD5 /* OSSTests.swift */; };
		7DF66E5E235778FF00FA7AD5 /* OSS.h in Headers */ = {isa = PBXBuildFile; fileRef = 7DF66E50235778FE00FA7AD5 /* OSS.h */; settings = {ATTRIBUTES = (Public, ); }; };
/* End PBXBuildFile section */

/* Begin PBXContainerItemProxy section */
		7D2D4AAF2358FB63001FEEA4 /* PBXContainerItemProxy */ = {
			isa = PBXContainerItemProxy;
			containerPortal = 7DF66DD22357564200FA7AD5 /* Project object */;
			proxyType = 1;
			remoteGlobalIDString = 7D2D4AA42358FB63001FEEA4;
			remoteInfo = OSP;
		};
		7D2D4ABE2358FB74001FEEA4 /* PBXContainerItemProxy */ = {
			isa = PBXContainerItemProxy;
			containerPortal = 7DF66DD22357564200FA7AD5 /* Project object */;
			proxyType = 1;
			remoteGlobalIDString = 7DF66E172357589A00FA7AD5;
			remoteInfo = Oberon;
		};
		7D2D4AC22358FB74001FEEA4 /* PBXContainerItemProxy */ = {
			isa = PBXContainerItemProxy;
			containerPortal = 7DF66DD22357564200FA7AD5 /* Project object */;
			proxyType = 1;
			remoteGlobalIDString = 7DF66E4D235778FE00FA7AD5;
			remoteInfo = OSS;
		};
		7D2D4AC62358FB74001FEEA4 /* PBXContainerItemProxy */ = {
			isa = PBXContainerItemProxy;
			containerPortal = 7DF66DD22357564200FA7AD5 /* Project object */;
			proxyType = 1;
			remoteGlobalIDString = 7DF66DE82357567F00FA7AD5;
			remoteInfo = Texts;
		};
		7D2D4ADB235931D3001FEEA4 /* PBXContainerItemProxy */ = {
			isa = PBXContainerItemProxy;
			containerPortal = 7DF66DD22357564200FA7AD5 /* Project object */;
			proxyType = 1;
			remoteGlobalIDString = 7D2D4AD0235931D2001FEEA4;
			remoteInfo = OSG;
		};
		7D2D4AED23593A36001FEEA4 /* PBXContainerItemProxy */ = {
			isa = PBXContainerItemProxy;
			containerPortal = 7DF66DD22357564200FA7AD5 /* Project object */;
			proxyType = 1;
			remoteGlobalIDString = 7D2D4AD0235931D2001FEEA4;
			remoteInfo = OSG;
		};
		7D2D4AF123593A53001FEEA4 /* PBXContainerItemProxy */ = {
			isa = PBXContainerItemProxy;
			containerPortal = 7DF66DD22357564200FA7AD5 /* Project object */;
			proxyType = 1;
			remoteGlobalIDString = 7DF66E172357589A00FA7AD5;
			remoteInfo = Oberon;
		};
		7D2D4AF523593A53001FEEA4 /* PBXContainerItemProxy */ = {
			isa = PBXContainerItemProxy;
			containerPortal = 7DF66DD22357564200FA7AD5 /* Project object */;
			proxyType = 1;
			remoteGlobalIDString = 7DF66E4D235778FE00FA7AD5;
			remoteInfo = OSS;
		};
		7D2D4AF923593A53001FEEA4 /* PBXContainerItemProxy */ = {
			isa = PBXContainerItemProxy;
			containerPortal = 7DF66DD22357564200FA7AD5 /* Project object */;
			proxyType = 1;
			remoteGlobalIDString = 7DF66DE82357567F00FA7AD5;
			remoteInfo = Texts;
		};
		7D2D4B0B235953E6001FEEA4 /* PBXContainerItemProxy */ = {
			isa = PBXContainerItemProxy;
			containerPortal = 7DF66DD22357564200FA7AD5 /* Project object */;
			proxyType = 1;
			remoteGlobalIDString = 7D2D4B00235953E5001FEEA4;
			remoteInfo = RISC;
		};
		7D2D4B1D2359566C001FEEA4 /* PBXContainerItemProxy */ = {
			isa = PBXContainerItemProxy;
			containerPortal = 7DF66DD22357564200FA7AD5 /* Project object */;
			proxyType = 1;
			remoteGlobalIDString = 7DF66E172357589A00FA7AD5;
			remoteInfo = Oberon;
		};
		7D2D4B2223595688001FEEA4 /* PBXContainerItemProxy */ = {
			isa = PBXContainerItemProxy;
			containerPortal = 7DF66DD22357564200FA7AD5 /* Project object */;
			proxyType = 1;
			remoteGlobalIDString = 7D2D4B00235953E5001FEEA4;
			remoteInfo = RISC;
		};
		7DE636BB23577D0C00803EE6 /* PBXContainerItemProxy */ = {
			isa = PBXContainerItemProxy;
			containerPortal = 7DF66DD22357564200FA7AD5 /* Project object */;
			proxyType = 1;
			remoteGlobalIDString = 7DF66E172357589A00FA7AD5;
			remoteInfo = Oberon;
		};
		7DE636BF23577D0C00803EE6 /* PBXContainerItemProxy */ = {
			isa = PBXContainerItemProxy;
			containerPortal = 7DF66DD22357564200FA7AD5 /* Project object */;
			proxyType = 1;
			remoteGlobalIDString = 7DF66DE82357567F00FA7AD5;
			remoteInfo = Texts;
		};
		7DF66DF32357568200FA7AD5 /* PBXContainerItemProxy */ = {
			isa = PBXContainerItemProxy;
			containerPortal = 7DF66DD22357564200FA7AD5 /* Project object */;
			proxyType = 1;
			remoteGlobalIDString = 7DF66DE82357567F00FA7AD5;
			remoteInfo = Texts;
		};
		7DF66E222357589B00FA7AD5 /* PBXContainerItemProxy */ = {
			isa = PBXContainerItemProxy;
			containerPortal = 7DF66DD22357564200FA7AD5 /* Project object */;
			proxyType = 1;
			remoteGlobalIDString = 7DF66E172357589A00FA7AD5;
			remoteInfo = Oberon;
		};
		7DF66E4123576A3300FA7AD5 /* PBXContainerItemProxy */ = {
			isa = PBXContainerItemProxy;
			containerPortal = 7DF66DD22357564200FA7AD5 /* Project object */;
			proxyType = 1;
			remoteGlobalIDString = 7DF66E172357589A00FA7AD5;
			remoteInfo = Oberon;
		};
		7DF66E58235778FE00FA7AD5 /* PBXContainerItemProxy */ = {
			isa = PBXContainerItemProxy;
			containerPortal = 7DF66DD22357564200FA7AD5 /* Project object */;
			proxyType = 1;
			remoteGlobalIDString = 7DF66E4D235778FE00FA7AD5;
			remoteInfo = OSS;
		};
/* End PBXContainerItemProxy section */

/* Begin PBXCopyFilesBuildPhase section */
		7D2D4AC82358FB74001FEEA4 /* Embed Frameworks */ = {
			isa = PBXCopyFilesBuildPhase;
			buildActionMask = 2147483647;
			dstPath = "";
			dstSubfolderSpec = 10;
			files = (
				7D2D4AC12358FB74001FEEA4 /* OSS.framework in Embed Frameworks */,
				7D2D4AC52358FB74001FEEA4 /* Texts.framework in Embed Frameworks */,
				7D2D4AEC23593A36001FEEA4 /* OSG.framework in Embed Frameworks */,
				7D2D4ABD2358FB74001FEEA4 /* Oberon.framework in Embed Frameworks */,
			);
			name = "Embed Frameworks";
			runOnlyForDeploymentPostprocessing = 0;
		};
		7D2D4AFB23593A53001FEEA4 /* Embed Frameworks */ = {
			isa = PBXCopyFilesBuildPhase;
			buildActionMask = 2147483647;
			dstPath = "";
			dstSubfolderSpec = 10;
			files = (
				7D2D4AF423593A53001FEEA4 /* OSS.framework in Embed Frameworks */,
				7D2D4AF823593A53001FEEA4 /* Texts.framework in Embed Frameworks */,
				7D2D4AF023593A53001FEEA4 /* Oberon.framework in Embed Frameworks */,
				7D2D4B2123595688001FEEA4 /* RISC.framework in Embed Frameworks */,
			);
			name = "Embed Frameworks";
			runOnlyForDeploymentPostprocessing = 0;
		};
		7D2D4B1F2359566C001FEEA4 /* Embed Frameworks */ = {
			isa = PBXCopyFilesBuildPhase;
			buildActionMask = 2147483647;
			dstPath = "";
			dstSubfolderSpec = 10;
			files = (
				7D2D4B1C2359566C001FEEA4 /* Oberon.framework in Embed Frameworks */,
			);
			name = "Embed Frameworks";
			runOnlyForDeploymentPostprocessing = 0;
		};
		7DE636C123577D0C00803EE6 /* Embed Frameworks */ = {
			isa = PBXCopyFilesBuildPhase;
			buildActionMask = 2147483647;
			dstPath = "";
			dstSubfolderSpec = 10;
			files = (
				7DE636BA23577D0C00803EE6 /* Oberon.framework in Embed Frameworks */,
				7DE636BE23577D0C00803EE6 /* Texts.framework in Embed Frameworks */,
			);
			name = "Embed Frameworks";
			runOnlyForDeploymentPostprocessing = 0;
		};
		7DF66DD82357564300FA7AD5 /* CopyFiles */ = {
			isa = PBXCopyFilesBuildPhase;
			buildActionMask = 2147483647;
			dstPath = /usr/share/man/man1/;
			dstSubfolderSpec = 0;
			files = (
			);
			runOnlyForDeploymentPostprocessing = 1;
		};
		7DF66E4323576A3300FA7AD5 /* Embed Frameworks */ = {
			isa = PBXCopyFilesBuildPhase;
			buildActionMask = 2147483647;
			dstPath = "";
			dstSubfolderSpec = 10;
			files = (
				7DF66E4023576A3300FA7AD5 /* Oberon.framework in Embed Frameworks */,
			);
			name = "Embed Frameworks";
			runOnlyForDeploymentPostprocessing = 0;
		};
/* End PBXCopyFilesBuildPhase section */

/* Begin PBXFileReference section */
		7D2D4AA52358FB63001FEEA4 /* OSP.framework */ = {isa = PBXFileReference; explicitFileType = wrapper.framework; includeInIndex = 0; path = OSP.framework; sourceTree = BUILT_PRODUCTS_DIR; };
		7D2D4AA72358FB63001FEEA4 /* OSP.h */ = {isa = PBXFileReference; lastKnownFileType = sourcecode.c.h; path = OSP.h; sourceTree = "<group>"; };
		7D2D4AA82358FB63001FEEA4 /* Info.plist */ = {isa = PBXFileReference; lastKnownFileType = text.plist.xml; path = Info.plist; sourceTree = "<group>"; };
		7D2D4AAD2358FB63001FEEA4 /* OSPTests.xctest */ = {isa = PBXFileReference; explicitFileType = wrapper.cfbundle; includeInIndex = 0; path = OSPTests.xctest; sourceTree = BUILT_PRODUCTS_DIR; };
		7D2D4AB22358FB63001FEEA4 /* OSPTests.swift */ = {isa = PBXFileReference; lastKnownFileType = sourcecode.swift; path = OSPTests.swift; sourceTree = "<group>"; };
		7D2D4AB42358FB63001FEEA4 /* Info.plist */ = {isa = PBXFileReference; lastKnownFileType = text.plist.xml; path = Info.plist; sourceTree = "<group>"; };
		7D2D4AC92358FBA7001FEEA4 /* OSP.swift */ = {isa = PBXFileReference; lastKnownFileType = sourcecode.swift; path = OSP.swift; sourceTree = "<group>"; };
		7D2D4AD1235931D2001FEEA4 /* OSG.framework */ = {isa = PBXFileReference; explicitFileType = wrapper.framework; includeInIndex = 0; path = OSG.framework; sourceTree = BUILT_PRODUCTS_DIR; };
		7D2D4AD3235931D3001FEEA4 /* OSG.h */ = {isa = PBXFileReference; lastKnownFileType = sourcecode.c.h; path = OSG.h; sourceTree = "<group>"; };
		7D2D4AD4235931D3001FEEA4 /* Info.plist */ = {isa = PBXFileReference; lastKnownFileType = text.plist.xml; path = Info.plist; sourceTree = "<group>"; };
		7D2D4AD9235931D3001FEEA4 /* OSGTests.xctest */ = {isa = PBXFileReference; explicitFileType = wrapper.cfbundle; includeInIndex = 0; path = OSGTests.xctest; sourceTree = BUILT_PRODUCTS_DIR; };
		7D2D4ADE235931D3001FEEA4 /* OSGTests.swift */ = {isa = PBXFileReference; lastKnownFileType = sourcecode.swift; path = OSGTests.swift; sourceTree = "<group>"; };
		7D2D4AE0235931D3001FEEA4 /* Info.plist */ = {isa = PBXFileReference; lastKnownFileType = text.plist.xml; path = Info.plist; sourceTree = "<group>"; };
		7D2D4AE8235931E6001FEEA4 /* OSG.swift */ = {isa = PBXFileReference; lastKnownFileType = sourcecode.swift; path = OSG.swift; sourceTree = "<group>"; };
		7D2D4B01235953E5001FEEA4 /* RISC.framework */ = {isa = PBXFileReference; explicitFileType = wrapper.framework; includeInIndex = 0; path = RISC.framework; sourceTree = BUILT_PRODUCTS_DIR; };
		7D2D4B03235953E6001FEEA4 /* RISC.h */ = {isa = PBXFileReference; lastKnownFileType = sourcecode.c.h; path = RISC.h; sourceTree = "<group>"; };
		7D2D4B04235953E6001FEEA4 /* Info.plist */ = {isa = PBXFileReference; lastKnownFileType = text.plist.xml; path = Info.plist; sourceTree = "<group>"; };
		7D2D4B09235953E6001FEEA4 /* RISCTests.xctest */ = {isa = PBXFileReference; explicitFileType = wrapper.cfbundle; includeInIndex = 0; path = RISCTests.xctest; sourceTree = BUILT_PRODUCTS_DIR; };
		7D2D4B0E235953E6001FEEA4 /* RISCTests.swift */ = {isa = PBXFileReference; lastKnownFileType = sourcecode.swift; path = RISCTests.swift; sourceTree = "<group>"; };
		7D2D4B10235953E6001FEEA4 /* Info.plist */ = {isa = PBXFileReference; lastKnownFileType = text.plist.xml; path = Info.plist; sourceTree = "<group>"; };
		7D2D4B18235953FA001FEEA4 /* RISC.swift */ = {isa = PBXFileReference; lastKnownFileType = sourcecode.swift; path = RISC.swift; sourceTree = "<group>"; };
		7DE636B6235779B000803EE6 /* OSS.swift */ = {isa = PBXFileReference; lastKnownFileType = sourcecode.swift; path = OSS.swift; sourceTree = "<group>"; };
		7DE636C223577FF800803EE6 /* Oberon+Extension.swift */ = {isa = PBXFileReference; lastKnownFileType = sourcecode.swift; path = "Oberon+Extension.swift"; sourceTree = "<group>"; };
		7DE636C72357E98500803EE6 /* CBEAll.pdf */ = {isa = PBXFileReference; lastKnownFileType = image.pdf; name = CBEAll.pdf; path = ../../CBEAll.pdf; sourceTree = "<group>"; };
		7DE636C82357E9A000803EE6 /* README.md */ = {isa = PBXFileReference; fileEncoding = 4; lastKnownFileType = net.daringfireball.markdown; name = README.md; path = ../../README.md; sourceTree = "<group>"; };
		7DF66DDA2357564300FA7AD5 /* Oberon-0 */ = {isa = PBXFileReference; explicitFileType = "compiled.mach-o.executable"; includeInIndex = 0; path = "Oberon-0"; sourceTree = BUILT_PRODUCTS_DIR; };
		7DF66DDD2357564300FA7AD5 /* main.swift */ = {isa = PBXFileReference; lastKnownFileType = sourcecode.swift; path = main.swift; sourceTree = "<group>"; };
		7DF66DE92357567F00FA7AD5 /* Texts.framework */ = {isa = PBXFileReference; explicitFileType = wrapper.framework; includeInIndex = 0; path = Texts.framework; sourceTree = BUILT_PRODUCTS_DIR; };
		7DF66DEB2357568000FA7AD5 /* Texts.h */ = {isa = PBXFileReference; lastKnownFileType = sourcecode.c.h; path = Texts.h; sourceTree = "<group>"; };
		7DF66DEC2357568000FA7AD5 /* Info.plist */ = {isa = PBXFileReference; lastKnownFileType = text.plist.xml; path = Info.plist; sourceTree = "<group>"; };
		7DF66DF12357568200FA7AD5 /* TextsTests.xctest */ = {isa = PBXFileReference; explicitFileType = wrapper.cfbundle; includeInIndex = 0; path = TextsTests.xctest; sourceTree = BUILT_PRODUCTS_DIR; };
		7DF66DF62357568200FA7AD5 /* TextsTests.swift */ = {isa = PBXFileReference; lastKnownFileType = sourcecode.swift; path = TextsTests.swift; sourceTree = "<group>"; };
		7DF66DF82357568200FA7AD5 /* Info.plist */ = {isa = PBXFileReference; lastKnownFileType = text.plist.xml; path = Info.plist; sourceTree = "<group>"; };
		7DF66E032357572A00FA7AD5 /* Texts.swift */ = {isa = PBXFileReference; fileEncoding = 4; lastKnownFileType = sourcecode.swift; path = Texts.swift; sourceTree = "<group>"; };
		7DF66E182357589A00FA7AD5 /* Oberon.framework */ = {isa = PBXFileReference; explicitFileType = wrapper.framework; includeInIndex = 0; path = Oberon.framework; sourceTree = BUILT_PRODUCTS_DIR; };
		7DF66E1A2357589B00FA7AD5 /* Oberon.h */ = {isa = PBXFileReference; lastKnownFileType = sourcecode.c.h; path = Oberon.h; sourceTree = "<group>"; };
		7DF66E1B2357589B00FA7AD5 /* Info.plist */ = {isa = PBXFileReference; lastKnownFileType = text.plist.xml; path = Info.plist; sourceTree = "<group>"; };
		7DF66E202357589B00FA7AD5 /* OberonTests.xctest */ = {isa = PBXFileReference; explicitFileType = wrapper.cfbundle; includeInIndex = 0; path = OberonTests.xctest; sourceTree = BUILT_PRODUCTS_DIR; };
		7DF66E252357589B00FA7AD5 /* OberonTests.swift */ = {isa = PBXFileReference; lastKnownFileType = sourcecode.swift; path = OberonTests.swift; sourceTree = "<group>"; };
		7DF66E272357589B00FA7AD5 /* Info.plist */ = {isa = PBXFileReference; lastKnownFileType = text.plist.xml; path = Info.plist; sourceTree = "<group>"; };
		7DF66E2F235758C100FA7AD5 /* Types.swift */ = {isa = PBXFileReference; lastKnownFileType = sourcecode.swift; path = Types.swift; sourceTree = "<group>"; };
		7DF66E32235758E700FA7AD5 /* Oberon.swift */ = {isa = PBXFileReference; fileEncoding = 4; lastKnownFileType = sourcecode.swift; path = Oberon.swift; sourceTree = "<group>"; };
		7DF66E352357598100FA7AD5 /* DefaultInitializable.swift */ = {isa = PBXFileReference; lastKnownFileType = sourcecode.swift; path = DefaultInitializable.swift; sourceTree = "<group>"; };
		7DF66E3823575D7300FA7AD5 /* ARRAY.swift */ = {isa = PBXFileReference; lastKnownFileType = sourcecode.swift; path = ARRAY.swift; sourceTree = "<group>"; };
		7DF66E3B23575D8600FA7AD5 /* CHAR.swift */ = {isa = PBXFileReference; lastKnownFileType = sourcecode.swift; path = CHAR.swift; sourceTree = "<group>"; };
		7DF66E4E235778FE00FA7AD5 /* OSS.framework */ = {isa = PBXFileReference; explicitFileType = wrapper.framework; includeInIndex = 0; path = OSS.framework; sourceTree = BUILT_PRODUCTS_DIR; };
		7DF66E50235778FE00FA7AD5 /* OSS.h */ = {isa = PBXFileReference; lastKnownFileType = sourcecode.c.h; path = OSS.h; sourceTree = "<group>"; };
		7DF66E51235778FE00FA7AD5 /* Info.plist */ = {isa = PBXFileReference; lastKnownFileType = text.plist.xml; path = Info.plist; sourceTree = "<group>"; };
		7DF66E56235778FE00FA7AD5 /* OSSTests.xctest */ = {isa = PBXFileReference; explicitFileType = wrapper.cfbundle; includeInIndex = 0; path = OSSTests.xctest; sourceTree = BUILT_PRODUCTS_DIR; };
		7DF66E5B235778FF00FA7AD5 /* OSSTests.swift */ = {isa = PBXFileReference; lastKnownFileType = sourcecode.swift; path = OSSTests.swift; sourceTree = "<group>"; };
		7DF66E5D235778FF00FA7AD5 /* Info.plist */ = {isa = PBXFileReference; lastKnownFileType = text.plist.xml; path = Info.plist; sourceTree = "<group>"; };
/* End PBXFileReference section */

/* Begin PBXFrameworksBuildPhase section */
		7D2D4AA22358FB63001FEEA4 /* Frameworks */ = {
			isa = PBXFrameworksBuildPhase;
			buildActionMask = 2147483647;
			files = (
				7D2D4AC02358FB74001FEEA4 /* OSS.framework in Frameworks */,
				7D2D4AC42358FB74001FEEA4 /* Texts.framework in Frameworks */,
				7D2D4AEB23593A36001FEEA4 /* OSG.framework in Frameworks */,
				7D2D4ABC2358FB74001FEEA4 /* Oberon.framework in Frameworks */,
			);
			runOnlyForDeploymentPostprocessing = 0;
		};
		7D2D4AAA2358FB63001FEEA4 /* Frameworks */ = {
			isa = PBXFrameworksBuildPhase;
			buildActionMask = 2147483647;
			files = (
				7D2D4AAE2358FB63001FEEA4 /* OSP.framework in Frameworks */,
			);
			runOnlyForDeploymentPostprocessing = 0;
		};
		7D2D4ACE235931D2001FEEA4 /* Frameworks */ = {
			isa = PBXFrameworksBuildPhase;
			buildActionMask = 2147483647;
			files = (
				7D2D4AF323593A53001FEEA4 /* OSS.framework in Frameworks */,
				7D2D4AF723593A53001FEEA4 /* Texts.framework in Frameworks */,
				7D2D4AEF23593A53001FEEA4 /* Oberon.framework in Frameworks */,
				7D2D4B2023595688001FEEA4 /* RISC.framework in Frameworks */,
			);
			runOnlyForDeploymentPostprocessing = 0;
		};
		7D2D4AD6235931D3001FEEA4 /* Frameworks */ = {
			isa = PBXFrameworksBuildPhase;
			buildActionMask = 2147483647;
			files = (
				7D2D4ADA235931D3001FEEA4 /* OSG.framework in Frameworks */,
			);
			runOnlyForDeploymentPostprocessing = 0;
		};
		7D2D4AFE235953E5001FEEA4 /* Frameworks */ = {
			isa = PBXFrameworksBuildPhase;
			buildActionMask = 2147483647;
			files = (
				7D2D4B1B2359566C001FEEA4 /* Oberon.framework in Frameworks */,
			);
			runOnlyForDeploymentPostprocessing = 0;
		};
		7D2D4B06235953E6001FEEA4 /* Frameworks */ = {
			isa = PBXFrameworksBuildPhase;
			buildActionMask = 2147483647;
			files = (
				7D2D4B0A235953E6001FEEA4 /* RISC.framework in Frameworks */,
			);
			runOnlyForDeploymentPostprocessing = 0;
		};
		7DF66DD72357564300FA7AD5 /* Frameworks */ = {
			isa = PBXFrameworksBuildPhase;
			buildActionMask = 2147483647;
			files = (
			);
			runOnlyForDeploymentPostprocessing = 0;
		};
		7DF66DE62357567F00FA7AD5 /* Frameworks */ = {
			isa = PBXFrameworksBuildPhase;
			buildActionMask = 2147483647;
			files = (
				7DF66E3F23576A3300FA7AD5 /* Oberon.framework in Frameworks */,
			);
			runOnlyForDeploymentPostprocessing = 0;
		};
		7DF66DEE2357568200FA7AD5 /* Frameworks */ = {
			isa = PBXFrameworksBuildPhase;
			buildActionMask = 2147483647;
			files = (
				7DF66DF22357568200FA7AD5 /* Texts.framework in Frameworks */,
			);
			runOnlyForDeploymentPostprocessing = 0;
		};
		7DF66E152357589A00FA7AD5 /* Frameworks */ = {
			isa = PBXFrameworksBuildPhase;
			buildActionMask = 2147483647;
			files = (
			);
			runOnlyForDeploymentPostprocessing = 0;
		};
		7DF66E1D2357589B00FA7AD5 /* Frameworks */ = {
			isa = PBXFrameworksBuildPhase;
			buildActionMask = 2147483647;
			files = (
				7DF66E212357589B00FA7AD5 /* Oberon.framework in Frameworks */,
			);
			runOnlyForDeploymentPostprocessing = 0;
		};
		7DF66E4B235778FE00FA7AD5 /* Frameworks */ = {
			isa = PBXFrameworksBuildPhase;
			buildActionMask = 2147483647;
			files = (
				7DE636B923577D0C00803EE6 /* Oberon.framework in Frameworks */,
				7DE636BD23577D0C00803EE6 /* Texts.framework in Frameworks */,
			);
			runOnlyForDeploymentPostprocessing = 0;
		};
		7DF66E53235778FE00FA7AD5 /* Frameworks */ = {
			isa = PBXFrameworksBuildPhase;
			buildActionMask = 2147483647;
			files = (
				7DF66E57235778FE00FA7AD5 /* OSS.framework in Frameworks */,
			);
			runOnlyForDeploymentPostprocessing = 0;
		};
/* End PBXFrameworksBuildPhase section */

/* Begin PBXGroup section */
		7D2D4AA62358FB63001FEEA4 /* OSP */ = {
			isa = PBXGroup;
			children = (
				7D2D4AA72358FB63001FEEA4 /* OSP.h */,
				7D2D4AA82358FB63001FEEA4 /* Info.plist */,
				7D2D4AC92358FBA7001FEEA4 /* OSP.swift */,
			);
			path = OSP;
			sourceTree = "<group>";
		};
		7D2D4AB12358FB63001FEEA4 /* OSPTests */ = {
			isa = PBXGroup;
			children = (
				7D2D4AB22358FB63001FEEA4 /* OSPTests.swift */,
				7D2D4AB42358FB63001FEEA4 /* Info.plist */,
			);
			path = OSPTests;
			sourceTree = "<group>";
		};
		7D2D4AD2235931D2001FEEA4 /* OSG */ = {
			isa = PBXGroup;
			children = (
				7D2D4AD3235931D3001FEEA4 /* OSG.h */,
				7D2D4AD4235931D3001FEEA4 /* Info.plist */,
				7D2D4AE8235931E6001FEEA4 /* OSG.swift */,
			);
			path = OSG;
			sourceTree = "<group>";
		};
		7D2D4ADD235931D3001FEEA4 /* OSGTests */ = {
			isa = PBXGroup;
			children = (
				7D2D4ADE235931D3001FEEA4 /* OSGTests.swift */,
				7D2D4AE0235931D3001FEEA4 /* Info.plist */,
			);
			path = OSGTests;
			sourceTree = "<group>";
		};
		7D2D4B02235953E5001FEEA4 /* RISC */ = {
			isa = PBXGroup;
			children = (
				7D2D4B03235953E6001FEEA4 /* RISC.h */,
				7D2D4B04235953E6001FEEA4 /* Info.plist */,
				7D2D4B18235953FA001FEEA4 /* RISC.swift */,
			);
			path = RISC;
			sourceTree = "<group>";
		};
		7D2D4B0D235953E6001FEEA4 /* RISCTests */ = {
			isa = PBXGroup;
			children = (
				7D2D4B0E235953E6001FEEA4 /* RISCTests.swift */,
				7D2D4B10235953E6001FEEA4 /* Info.plist */,
			);
			path = RISCTests;
			sourceTree = "<group>";
		};
		7DF66DD12357564200FA7AD5 = {
			isa = PBXGroup;
			children = (
				7DE636C72357E98500803EE6 /* CBEAll.pdf */,
				7DE636C82357E9A000803EE6 /* README.md */,
				7DF66DDC2357564300FA7AD5 /* Oberon-0 */,
				7DF66DEA2357567F00FA7AD5 /* Texts */,
				7DF66DF52357568200FA7AD5 /* TextsTests */,
				7DF66E192357589A00FA7AD5 /* Oberon */,
				7DF66E242357589B00FA7AD5 /* OberonTests */,
				7DF66E4F235778FE00FA7AD5 /* OSS */,
				7DF66E5A235778FE00FA7AD5 /* OSSTests */,
				7D2D4AA62358FB63001FEEA4 /* OSP */,
				7D2D4AB12358FB63001FEEA4 /* OSPTests */,
				7D2D4AD2235931D2001FEEA4 /* OSG */,
				7D2D4ADD235931D3001FEEA4 /* OSGTests */,
				7D2D4B02235953E5001FEEA4 /* RISC */,
				7D2D4B0D235953E6001FEEA4 /* RISCTests */,
				7DF66DDB2357564300FA7AD5 /* Products */,
				7DF66E3E23576A3300FA7AD5 /* Frameworks */,
			);
			sourceTree = "<group>";
		};
		7DF66DDB2357564300FA7AD5 /* Products */ = {
			isa = PBXGroup;
			children = (
				7DF66DDA2357564300FA7AD5 /* Oberon-0 */,
				7DF66DE92357567F00FA7AD5 /* Texts.framework */,
				7DF66DF12357568200FA7AD5 /* TextsTests.xctest */,
				7DF66E182357589A00FA7AD5 /* Oberon.framework */,
				7DF66E202357589B00FA7AD5 /* OberonTests.xctest */,
				7DF66E4E235778FE00FA7AD5 /* OSS.framework */,
				7DF66E56235778FE00FA7AD5 /* OSSTests.xctest */,
				7D2D4AA52358FB63001FEEA4 /* OSP.framework */,
				7D2D4AAD2358FB63001FEEA4 /* OSPTests.xctest */,
				7D2D4AD1235931D2001FEEA4 /* OSG.framework */,
				7D2D4AD9235931D3001FEEA4 /* OSGTests.xctest */,
				7D2D4B01235953E5001FEEA4 /* RISC.framework */,
				7D2D4B09235953E6001FEEA4 /* RISCTests.xctest */,
			);
			name = Products;
			sourceTree = "<group>";
		};
		7DF66DDC2357564300FA7AD5 /* Oberon-0 */ = {
			isa = PBXGroup;
			children = (
				7DF66DDD2357564300FA7AD5 /* main.swift */,
			);
			path = "Oberon-0";
			sourceTree = "<group>";
		};
		7DF66DEA2357567F00FA7AD5 /* Texts */ = {
			isa = PBXGroup;
			children = (
				7DF66DEB2357568000FA7AD5 /* Texts.h */,
				7DF66E032357572A00FA7AD5 /* Texts.swift */,
				7DF66DEC2357568000FA7AD5 /* Info.plist */,
				7DE636C223577FF800803EE6 /* Oberon+Extension.swift */,
			);
			path = Texts;
			sourceTree = "<group>";
		};
		7DF66DF52357568200FA7AD5 /* TextsTests */ = {
			isa = PBXGroup;
			children = (
				7DF66DF62357568200FA7AD5 /* TextsTests.swift */,
				7DF66DF82357568200FA7AD5 /* Info.plist */,
			);
			path = TextsTests;
			sourceTree = "<group>";
		};
		7DF66E192357589A00FA7AD5 /* Oberon */ = {
			isa = PBXGroup;
			children = (
				7DF66E1A2357589B00FA7AD5 /* Oberon.h */,
				7DF66E32235758E700FA7AD5 /* Oberon.swift */,
				7DF66E1B2357589B00FA7AD5 /* Info.plist */,
				7DF66E2F235758C100FA7AD5 /* Types.swift */,
				7DF66E352357598100FA7AD5 /* DefaultInitializable.swift */,
				7DF66E3823575D7300FA7AD5 /* ARRAY.swift */,
				7DF66E3B23575D8600FA7AD5 /* CHAR.swift */,
			);
			path = Oberon;
			sourceTree = "<group>";
		};
		7DF66E242357589B00FA7AD5 /* OberonTests */ = {
			isa = PBXGroup;
			children = (
				7DF66E252357589B00FA7AD5 /* OberonTests.swift */,
				7DF66E272357589B00FA7AD5 /* Info.plist */,
			);
			path = OberonTests;
			sourceTree = "<group>";
		};
		7DF66E3E23576A3300FA7AD5 /* Frameworks */ = {
			isa = PBXGroup;
			children = (
			);
			name = Frameworks;
			sourceTree = "<group>";
		};
		7DF66E4F235778FE00FA7AD5 /* OSS */ = {
			isa = PBXGroup;
			children = (
				7DF66E50235778FE00FA7AD5 /* OSS.h */,
				7DF66E51235778FE00FA7AD5 /* Info.plist */,
				7DE636B6235779B000803EE6 /* OSS.swift */,
			);
			path = OSS;
			sourceTree = "<group>";
		};
		7DF66E5A235778FE00FA7AD5 /* OSSTests */ = {
			isa = PBXGroup;
			children = (
				7DF66E5B235778FF00FA7AD5 /* OSSTests.swift */,
				7DF66E5D235778FF00FA7AD5 /* Info.plist */,
			);
			path = OSSTests;
			sourceTree = "<group>";
		};
/* End PBXGroup section */

/* Begin PBXHeadersBuildPhase section */
		7D2D4AA02358FB63001FEEA4 /* Headers */ = {
			isa = PBXHeadersBuildPhase;
			buildActionMask = 2147483647;
			files = (
				7D2D4AB52358FB63001FEEA4 /* OSP.h in Headers */,
			);
			runOnlyForDeploymentPostprocessing = 0;
		};
		7D2D4ACC235931D2001FEEA4 /* Headers */ = {
			isa = PBXHeadersBuildPhase;
			buildActionMask = 2147483647;
			files = (
				7D2D4AE1235931D3001FEEA4 /* OSG.h in Headers */,
			);
			runOnlyForDeploymentPostprocessing = 0;
		};
		7D2D4AFC235953E5001FEEA4 /* Headers */ = {
			isa = PBXHeadersBuildPhase;
			buildActionMask = 2147483647;
			files = (
				7D2D4B11235953E6001FEEA4 /* RISC.h in Headers */,
			);
			runOnlyForDeploymentPostprocessing = 0;
		};
		7DF66DE42357567F00FA7AD5 /* Headers */ = {
			isa = PBXHeadersBuildPhase;
			buildActionMask = 2147483647;
			files = (
				7DF66DF92357568200FA7AD5 /* Texts.h in Headers */,
			);
			runOnlyForDeploymentPostprocessing = 0;
		};
		7DF66E132357589A00FA7AD5 /* Headers */ = {
			isa = PBXHeadersBuildPhase;
			buildActionMask = 2147483647;
			files = (
				7DF66E282357589B00FA7AD5 /* Oberon.h in Headers */,
			);
			runOnlyForDeploymentPostprocessing = 0;
		};
		7DF66E49235778FE00FA7AD5 /* Headers */ = {
			isa = PBXHeadersBuildPhase;
			buildActionMask = 2147483647;
			files = (
				7DF66E5E235778FF00FA7AD5 /* OSS.h in Headers */,
			);
			runOnlyForDeploymentPostprocessing = 0;
		};
/* End PBXHeadersBuildPhase section */

/* Begin PBXNativeTarget section */
		7D2D4AA42358FB63001FEEA4 /* OSP */ = {
			isa = PBXNativeTarget;
			buildConfigurationList = 7D2D4ABA2358FB63001FEEA4 /* Build configuration list for PBXNativeTarget "OSP" */;
			buildPhases = (
				7D2D4AA02358FB63001FEEA4 /* Headers */,
				7D2D4AA12358FB63001FEEA4 /* Sources */,
				7D2D4AA22358FB63001FEEA4 /* Frameworks */,
				7D2D4AA32358FB63001FEEA4 /* Resources */,
				7D2D4AC82358FB74001FEEA4 /* Embed Frameworks */,
			);
			buildRules = (
			);
			dependencies = (
				7D2D4ABF2358FB74001FEEA4 /* PBXTargetDependency */,
				7D2D4AC32358FB74001FEEA4 /* PBXTargetDependency */,
				7D2D4AC72358FB74001FEEA4 /* PBXTargetDependency */,
				7D2D4AEE23593A36001FEEA4 /* PBXTargetDependency */,
			);
			name = OSP;
			productName = OSP;
			productReference = 7D2D4AA52358FB63001FEEA4 /* OSP.framework */;
			productType = "com.apple.product-type.framework";
		};
		7D2D4AAC2358FB63001FEEA4 /* OSPTests */ = {
			isa = PBXNativeTarget;
			buildConfigurationList = 7D2D4ABB2358FB63001FEEA4 /* Build configuration list for PBXNativeTarget "OSPTests" */;
			buildPhases = (
				7D2D4AA92358FB63001FEEA4 /* Sources */,
				7D2D4AAA2358FB63001FEEA4 /* Frameworks */,
				7D2D4AAB2358FB63001FEEA4 /* Resources */,
			);
			buildRules = (
			);
			dependencies = (
				7D2D4AB02358FB63001FEEA4 /* PBXTargetDependency */,
			);
			name = OSPTests;
			productName = OSPTests;
			productReference = 7D2D4AAD2358FB63001FEEA4 /* OSPTests.xctest */;
			productType = "com.apple.product-type.bundle.unit-test";
		};
		7D2D4AD0235931D2001FEEA4 /* OSG */ = {
			isa = PBXNativeTarget;
			buildConfigurationList = 7D2D4AE2235931D3001FEEA4 /* Build configuration list for PBXNativeTarget "OSG" */;
			buildPhases = (
				7D2D4ACC235931D2001FEEA4 /* Headers */,
				7D2D4ACD235931D2001FEEA4 /* Sources */,
				7D2D4ACE235931D2001FEEA4 /* Frameworks */,
				7D2D4ACF235931D2001FEEA4 /* Resources */,
				7D2D4AFB23593A53001FEEA4 /* Embed Frameworks */,
			);
			buildRules = (
			);
			dependencies = (
				7D2D4AF223593A53001FEEA4 /* PBXTargetDependency */,
				7D2D4AF623593A53001FEEA4 /* PBXTargetDependency */,
				7D2D4AFA23593A53001FEEA4 /* PBXTargetDependency */,
				7D2D4B2323595688001FEEA4 /* PBXTargetDependency */,
			);
			name = OSG;
			productName = OSG;
			productReference = 7D2D4AD1235931D2001FEEA4 /* OSG.framework */;
			productType = "com.apple.product-type.framework";
		};
		7D2D4AD8235931D3001FEEA4 /* OSGTests */ = {
			isa = PBXNativeTarget;
			buildConfigurationList = 7D2D4AE5235931D3001FEEA4 /* Build configuration list for PBXNativeTarget "OSGTests" */;
			buildPhases = (
				7D2D4AD5235931D3001FEEA4 /* Sources */,
				7D2D4AD6235931D3001FEEA4 /* Frameworks */,
				7D2D4AD7235931D3001FEEA4 /* Resources */,
			);
			buildRules = (
			);
			dependencies = (
				7D2D4ADC235931D3001FEEA4 /* PBXTargetDependency */,
			);
			name = OSGTests;
			productName = OSGTests;
			productReference = 7D2D4AD9235931D3001FEEA4 /* OSGTests.xctest */;
			productType = "com.apple.product-type.bundle.unit-test";
		};
		7D2D4B00235953E5001FEEA4 /* RISC */ = {
			isa = PBXNativeTarget;
			buildConfigurationList = 7D2D4B12235953E6001FEEA4 /* Build configuration list for PBXNativeTarget "RISC" */;
			buildPhases = (
				7D2D4AFC235953E5001FEEA4 /* Headers */,
				7D2D4AFD235953E5001FEEA4 /* Sources */,
				7D2D4AFE235953E5001FEEA4 /* Frameworks */,
				7D2D4AFF235953E5001FEEA4 /* Resources */,
				7D2D4B1F2359566C001FEEA4 /* Embed Frameworks */,
			);
			buildRules = (
			);
			dependencies = (
				7D2D4B1E2359566C001FEEA4 /* PBXTargetDependency */,
			);
			name = RISC;
			productName = RISC;
			productReference = 7D2D4B01235953E5001FEEA4 /* RISC.framework */;
			productType = "com.apple.product-type.framework";
		};
		7D2D4B08235953E6001FEEA4 /* RISCTests */ = {
			isa = PBXNativeTarget;
			buildConfigurationList = 7D2D4B15235953E6001FEEA4 /* Build configuration list for PBXNativeTarget "RISCTests" */;
			buildPhases = (
				7D2D4B05235953E6001FEEA4 /* Sources */,
				7D2D4B06235953E6001FEEA4 /* Frameworks */,
				7D2D4B07235953E6001FEEA4 /* Resources */,
			);
			buildRules = (
			);
			dependencies = (
				7D2D4B0C235953E6001FEEA4 /* PBXTargetDependency */,
			);
			name = RISCTests;
			productName = RISCTests;
			productReference = 7D2D4B09235953E6001FEEA4 /* RISCTests.xctest */;
			productType = "com.apple.product-type.bundle.unit-test";
		};
		7DF66DD92357564300FA7AD5 /* Oberon-0 */ = {
			isa = PBXNativeTarget;
			buildConfigurationList = 7DF66DE12357564300FA7AD5 /* Build configuration list for PBXNativeTarget "Oberon-0" */;
			buildPhases = (
				7DF66DD62357564300FA7AD5 /* Sources */,
				7DF66DD72357564300FA7AD5 /* Frameworks */,
				7DF66DD82357564300FA7AD5 /* CopyFiles */,
			);
			buildRules = (
			);
			dependencies = (
			);
			name = "Oberon-0";
			productName = "Oberon-0";
			productReference = 7DF66DDA2357564300FA7AD5 /* Oberon-0 */;
			productType = "com.apple.product-type.tool";
		};
		7DF66DE82357567F00FA7AD5 /* Texts */ = {
			isa = PBXNativeTarget;
			buildConfigurationList = 7DF66DFA2357568200FA7AD5 /* Build configuration list for PBXNativeTarget "Texts" */;
			buildPhases = (
				7DF66DE42357567F00FA7AD5 /* Headers */,
				7DF66DE52357567F00FA7AD5 /* Sources */,
				7DF66DE62357567F00FA7AD5 /* Frameworks */,
				7DF66DE72357567F00FA7AD5 /* Resources */,
				7DF66E4323576A3300FA7AD5 /* Embed Frameworks */,
			);
			buildRules = (
			);
			dependencies = (
				7DF66E4223576A3300FA7AD5 /* PBXTargetDependency */,
			);
			name = Texts;
			productName = Texts;
			productReference = 7DF66DE92357567F00FA7AD5 /* Texts.framework */;
			productType = "com.apple.product-type.framework";
		};
		7DF66DF02357568200FA7AD5 /* TextsTests */ = {
			isa = PBXNativeTarget;
			buildConfigurationList = 7DF66DFD2357568200FA7AD5 /* Build configuration list for PBXNativeTarget "TextsTests" */;
			buildPhases = (
				7DF66DED2357568200FA7AD5 /* Sources */,
				7DF66DEE2357568200FA7AD5 /* Frameworks */,
				7DF66DEF2357568200FA7AD5 /* Resources */,
			);
			buildRules = (
			);
			dependencies = (
				7DF66DF42357568200FA7AD5 /* PBXTargetDependency */,
			);
			name = TextsTests;
			productName = TextsTests;
			productReference = 7DF66DF12357568200FA7AD5 /* TextsTests.xctest */;
			productType = "com.apple.product-type.bundle.unit-test";
		};
		7DF66E172357589A00FA7AD5 /* Oberon */ = {
			isa = PBXNativeTarget;
			buildConfigurationList = 7DF66E292357589B00FA7AD5 /* Build configuration list for PBXNativeTarget "Oberon" */;
			buildPhases = (
				7DF66E132357589A00FA7AD5 /* Headers */,
				7DF66E142357589A00FA7AD5 /* Sources */,
				7DF66E152357589A00FA7AD5 /* Frameworks */,
				7DF66E162357589A00FA7AD5 /* Resources */,
			);
			buildRules = (
			);
			dependencies = (
			);
			name = Oberon;
			productName = Oberon;
			productReference = 7DF66E182357589A00FA7AD5 /* Oberon.framework */;
			productType = "com.apple.product-type.framework";
		};
		7DF66E1F2357589B00FA7AD5 /* OberonTests */ = {
			isa = PBXNativeTarget;
			buildConfigurationList = 7DF66E2C2357589B00FA7AD5 /* Build configuration list for PBXNativeTarget "OberonTests" */;
			buildPhases = (
				7DF66E1C2357589B00FA7AD5 /* Sources */,
				7DF66E1D2357589B00FA7AD5 /* Frameworks */,
				7DF66E1E2357589B00FA7AD5 /* Resources */,
			);
			buildRules = (
			);
			dependencies = (
				7DF66E232357589B00FA7AD5 /* PBXTargetDependency */,
			);
			name = OberonTests;
			productName = OberonTests;
			productReference = 7DF66E202357589B00FA7AD5 /* OberonTests.xctest */;
			productType = "com.apple.product-type.bundle.unit-test";
		};
		7DF66E4D235778FE00FA7AD5 /* OSS */ = {
			isa = PBXNativeTarget;
			buildConfigurationList = 7DF66E5F235778FF00FA7AD5 /* Build configuration list for PBXNativeTarget "OSS" */;
			buildPhases = (
				7DF66E49235778FE00FA7AD5 /* Headers */,
				7DF66E4A235778FE00FA7AD5 /* Sources */,
				7DF66E4B235778FE00FA7AD5 /* Frameworks */,
				7DF66E4C235778FE00FA7AD5 /* Resources */,
				7DE636C123577D0C00803EE6 /* Embed Frameworks */,
			);
			buildRules = (
			);
			dependencies = (
				7DE636BC23577D0C00803EE6 /* PBXTargetDependency */,
				7DE636C023577D0C00803EE6 /* PBXTargetDependency */,
			);
			name = OSS;
			productName = OSS;
			productReference = 7DF66E4E235778FE00FA7AD5 /* OSS.framework */;
			productType = "com.apple.product-type.framework";
		};
		7DF66E55235778FE00FA7AD5 /* OSSTests */ = {
			isa = PBXNativeTarget;
			buildConfigurationList = 7DF66E62235778FF00FA7AD5 /* Build configuration list for PBXNativeTarget "OSSTests" */;
			buildPhases = (
				7DF66E52235778FE00FA7AD5 /* Sources */,
				7DF66E53235778FE00FA7AD5 /* Frameworks */,
				7DF66E54235778FE00FA7AD5 /* Resources */,
			);
			buildRules = (
			);
			dependencies = (
				7DF66E59235778FE00FA7AD5 /* PBXTargetDependency */,
			);
			name = OSSTests;
			productName = OSSTests;
			productReference = 7DF66E56235778FE00FA7AD5 /* OSSTests.xctest */;
			productType = "com.apple.product-type.bundle.unit-test";
		};
/* End PBXNativeTarget section */

/* Begin PBXProject section */
		7DF66DD22357564200FA7AD5 /* Project object */ = {
			isa = PBXProject;
			attributes = {
				DefaultBuildSystemTypeForWorkspace = Original;
				LastSwiftUpdateCheck = 1100;
				LastUpgradeCheck = 1100;
				ORGANIZATIONNAME = "Chip Jarred";
				TargetAttributes = {
					7D2D4AA42358FB63001FEEA4 = {
						CreatedOnToolsVersion = 11.0;
						LastSwiftMigration = 1100;
					};
					7D2D4AAC2358FB63001FEEA4 = {
						CreatedOnToolsVersion = 11.0;
					};
					7D2D4AD0235931D2001FEEA4 = {
						CreatedOnToolsVersion = 11.0;
						LastSwiftMigration = 1100;
					};
					7D2D4AD8235931D3001FEEA4 = {
						CreatedOnToolsVersion = 11.0;
					};
					7D2D4B00235953E5001FEEA4 = {
						CreatedOnToolsVersion = 11.0;
						LastSwiftMigration = 1100;
					};
					7D2D4B08235953E6001FEEA4 = {
						CreatedOnToolsVersion = 11.0;
					};
					7DF66DD92357564300FA7AD5 = {
						CreatedOnToolsVersion = 11.0;
					};
					7DF66DE82357567F00FA7AD5 = {
						CreatedOnToolsVersion = 11.0;
						LastSwiftMigration = 1100;
					};
					7DF66DF02357568200FA7AD5 = {
						CreatedOnToolsVersion = 11.0;
					};
					7DF66E172357589A00FA7AD5 = {
						CreatedOnToolsVersion = 11.0;
						LastSwiftMigration = 1100;
					};
					7DF66E1F2357589B00FA7AD5 = {
						CreatedOnToolsVersion = 11.0;
					};
					7DF66E4D235778FE00FA7AD5 = {
						CreatedOnToolsVersion = 11.0;
						LastSwiftMigration = 1100;
					};
					7DF66E55235778FE00FA7AD5 = {
						CreatedOnToolsVersion = 11.0;
					};
				};
			};
			buildConfigurationList = 7DF66DD52357564200FA7AD5 /* Build configuration list for PBXProject "Oberon-0" */;
			compatibilityVersion = "Xcode 9.3";
			developmentRegion = en;
			hasScannedForEncodings = 0;
			knownRegions = (
				en,
				Base,
			);
			mainGroup = 7DF66DD12357564200FA7AD5;
			productRefGroup = 7DF66DDB2357564300FA7AD5 /* Products */;
			projectDirPath = "";
			projectRoot = "";
			targets = (
				7DF66DD92357564300FA7AD5 /* Oberon-0 */,
				7DF66DE82357567F00FA7AD5 /* Texts */,
				7DF66DF02357568200FA7AD5 /* TextsTests */,
				7DF66E172357589A00FA7AD5 /* Oberon */,
				7DF66E1F2357589B00FA7AD5 /* OberonTests */,
				7DF66E4D235778FE00FA7AD5 /* OSS */,
				7DF66E55235778FE00FA7AD5 /* OSSTests */,
				7D2D4AA42358FB63001FEEA4 /* OSP */,
				7D2D4AAC2358FB63001FEEA4 /* OSPTests */,
				7D2D4AD0235931D2001FEEA4 /* OSG */,
				7D2D4AD8235931D3001FEEA4 /* OSGTests */,
				7D2D4B00235953E5001FEEA4 /* RISC */,
				7D2D4B08235953E6001FEEA4 /* RISCTests */,
			);
		};
/* End PBXProject section */

/* Begin PBXResourcesBuildPhase section */
		7D2D4AA32358FB63001FEEA4 /* Resources */ = {
			isa = PBXResourcesBuildPhase;
			buildActionMask = 2147483647;
			files = (
			);
			runOnlyForDeploymentPostprocessing = 0;
		};
		7D2D4AAB2358FB63001FEEA4 /* Resources */ = {
			isa = PBXResourcesBuildPhase;
			buildActionMask = 2147483647;
			files = (
			);
			runOnlyForDeploymentPostprocessing = 0;
		};
		7D2D4ACF235931D2001FEEA4 /* Resources */ = {
			isa = PBXResourcesBuildPhase;
			buildActionMask = 2147483647;
			files = (
			);
			runOnlyForDeploymentPostprocessing = 0;
		};
		7D2D4AD7235931D3001FEEA4 /* Resources */ = {
			isa = PBXResourcesBuildPhase;
			buildActionMask = 2147483647;
			files = (
			);
			runOnlyForDeploymentPostprocessing = 0;
		};
		7D2D4AFF235953E5001FEEA4 /* Resources */ = {
			isa = PBXResourcesBuildPhase;
			buildActionMask = 2147483647;
			files = (
			);
			runOnlyForDeploymentPostprocessing = 0;
		};
		7D2D4B07235953E6001FEEA4 /* Resources */ = {
			isa = PBXResourcesBuildPhase;
			buildActionMask = 2147483647;
			files = (
			);
			runOnlyForDeploymentPostprocessing = 0;
		};
		7DF66DE72357567F00FA7AD5 /* Resources */ = {
			isa = PBXResourcesBuildPhase;
			buildActionMask = 2147483647;
			files = (
			);
			runOnlyForDeploymentPostprocessing = 0;
		};
		7DF66DEF2357568200FA7AD5 /* Resources */ = {
			isa = PBXResourcesBuildPhase;
			buildActionMask = 2147483647;
			files = (
			);
			runOnlyForDeploymentPostprocessing = 0;
		};
		7DF66E162357589A00FA7AD5 /* Resources */ = {
			isa = PBXResourcesBuildPhase;
			buildActionMask = 2147483647;
			files = (
			);
			runOnlyForDeploymentPostprocessing = 0;
		};
		7DF66E1E2357589B00FA7AD5 /* Resources */ = {
			isa = PBXResourcesBuildPhase;
			buildActionMask = 2147483647;
			files = (
			);
			runOnlyForDeploymentPostprocessing = 0;
		};
		7DF66E4C235778FE00FA7AD5 /* Resources */ = {
			isa = PBXResourcesBuildPhase;
			buildActionMask = 2147483647;
			files = (
			);
			runOnlyForDeploymentPostprocessing = 0;
		};
		7DF66E54235778FE00FA7AD5 /* Resources */ = {
			isa = PBXResourcesBuildPhase;
			buildActionMask = 2147483647;
			files = (
			);
			runOnlyForDeploymentPostprocessing = 0;
		};
/* End PBXResourcesBuildPhase section */

/* Begin PBXSourcesBuildPhase section */
		7D2D4AA12358FB63001FEEA4 /* Sources */ = {
			isa = PBXSourcesBuildPhase;
			buildActionMask = 2147483647;
			files = (
				7D2D4ACA2358FBA7001FEEA4 /* OSP.swift in Sources */,
			);
			runOnlyForDeploymentPostprocessing = 0;
		};
		7D2D4AA92358FB63001FEEA4 /* Sources */ = {
			isa = PBXSourcesBuildPhase;
			buildActionMask = 2147483647;
			files = (
				7D2D4ACB2358FBA7001FEEA4 /* OSP.swift in Sources */,
				7D2D4AB32358FB63001FEEA4 /* OSPTests.swift in Sources */,
			);
			runOnlyForDeploymentPostprocessing = 0;
		};
		7D2D4ACD235931D2001FEEA4 /* Sources */ = {
			isa = PBXSourcesBuildPhase;
			buildActionMask = 2147483647;
			files = (
				7D2D4AE9235931E6001FEEA4 /* OSG.swift in Sources */,
			);
			runOnlyForDeploymentPostprocessing = 0;
		};
		7D2D4AD5235931D3001FEEA4 /* Sources */ = {
			isa = PBXSourcesBuildPhase;
			buildActionMask = 2147483647;
			files = (
				7D2D4ADF235931D3001FEEA4 /* OSGTests.swift in Sources */,
				7D2D4AEA235931E6001FEEA4 /* OSG.swift in Sources */,
			);
			runOnlyForDeploymentPostprocessing = 0;
		};
		7D2D4AFD235953E5001FEEA4 /* Sources */ = {
			isa = PBXSourcesBuildPhase;
			buildActionMask = 2147483647;
			files = (
				7D2D4B19235953FA001FEEA4 /* RISC.swift in Sources */,
			);
			runOnlyForDeploymentPostprocessing = 0;
		};
		7D2D4B05235953E6001FEEA4 /* Sources */ = {
			isa = PBXSourcesBuildPhase;
			buildActionMask = 2147483647;
			files = (
				7D2D4B1A235953FA001FEEA4 /* RISC.swift in Sources */,
				7D2D4B0F235953E6001FEEA4 /* RISCTests.swift in Sources */,
			);
			runOnlyForDeploymentPostprocessing = 0;
		};
		7DF66DD62357564300FA7AD5 /* Sources */ = {
			isa = PBXSourcesBuildPhase;
			buildActionMask = 2147483647;
			files = (
				7DF66DDE2357564300FA7AD5 /* main.swift in Sources */,
			);
			runOnlyForDeploymentPostprocessing = 0;
		};
		7DF66DE52357567F00FA7AD5 /* Sources */ = {
			isa = PBXSourcesBuildPhase;
			buildActionMask = 2147483647;
			files = (
				7DE636C323577FF800803EE6 /* Oberon+Extension.swift in Sources */,
				7DF66E042357572A00FA7AD5 /* Texts.swift in Sources */,
			);
			runOnlyForDeploymentPostprocessing = 0;
		};
		7DF66DED2357568200FA7AD5 /* Sources */ = {
			isa = PBXSourcesBuildPhase;
			buildActionMask = 2147483647;
			files = (
				7DF66E052357572A00FA7AD5 /* Texts.swift in Sources */,
				7DE636C423577FF800803EE6 /* Oberon+Extension.swift in Sources */,
				7DF66DF72357568200FA7AD5 /* TextsTests.swift in Sources */,
			);
			runOnlyForDeploymentPostprocessing = 0;
		};
		7DF66E142357589A00FA7AD5 /* Sources */ = {
			isa = PBXSourcesBuildPhase;
			buildActionMask = 2147483647;
			files = (
				7DE636C5235780B300803EE6 /* Oberon.swift in Sources */,
				7DF66E30235758C100FA7AD5 /* Types.swift in Sources */,
				7DF66E3923575D7300FA7AD5 /* ARRAY.swift in Sources */,
				7DF66E362357598100FA7AD5 /* DefaultInitializable.swift in Sources */,
				7DF66E3C23575D8600FA7AD5 /* CHAR.swift in Sources */,
			);
			runOnlyForDeploymentPostprocessing = 0;
		};
		7DF66E1C2357589B00FA7AD5 /* Sources */ = {
			isa = PBXSourcesBuildPhase;
			buildActionMask = 2147483647;
			files = (
				7DF66E262357589B00FA7AD5 /* OberonTests.swift in Sources */,
				7DF66E3A23575D7300FA7AD5 /* ARRAY.swift in Sources */,
				7DE636C6235780B500803EE6 /* Oberon.swift in Sources */,
				7DF66E31235758C100FA7AD5 /* Types.swift in Sources */,
				7DF66E372357598100FA7AD5 /* DefaultInitializable.swift in Sources */,
				7DF66E3D23575D8600FA7AD5 /* CHAR.swift in Sources */,
			);
			runOnlyForDeploymentPostprocessing = 0;
		};
		7DF66E4A235778FE00FA7AD5 /* Sources */ = {
			isa = PBXSourcesBuildPhase;
			buildActionMask = 2147483647;
			files = (
				7DE636B7235779B000803EE6 /* OSS.swift in Sources */,
			);
			runOnlyForDeploymentPostprocessing = 0;
		};
		7DF66E52235778FE00FA7AD5 /* Sources */ = {
			isa = PBXSourcesBuildPhase;
			buildActionMask = 2147483647;
			files = (
				7DF66E5C235778FF00FA7AD5 /* OSSTests.swift in Sources */,
				7DE636B8235779B000803EE6 /* OSS.swift in Sources */,
			);
			runOnlyForDeploymentPostprocessing = 0;
		};
/* End PBXSourcesBuildPhase section */

/* Begin PBXTargetDependency section */
		7D2D4AB02358FB63001FEEA4 /* PBXTargetDependency */ = {
			isa = PBXTargetDependency;
			target = 7D2D4AA42358FB63001FEEA4 /* OSP */;
			targetProxy = 7D2D4AAF2358FB63001FEEA4 /* PBXContainerItemProxy */;
		};
		7D2D4ABF2358FB74001FEEA4 /* PBXTargetDependency */ = {
			isa = PBXTargetDependency;
			target = 7DF66E172357589A00FA7AD5 /* Oberon */;
			targetProxy = 7D2D4ABE2358FB74001FEEA4 /* PBXContainerItemProxy */;
		};
		7D2D4AC32358FB74001FEEA4 /* PBXTargetDependency */ = {
			isa = PBXTargetDependency;
			target = 7DF66E4D235778FE00FA7AD5 /* OSS */;
			targetProxy = 7D2D4AC22358FB74001FEEA4 /* PBXContainerItemProxy */;
		};
		7D2D4AC72358FB74001FEEA4 /* PBXTargetDependency */ = {
			isa = PBXTargetDependency;
			target = 7DF66DE82357567F00FA7AD5 /* Texts */;
			targetProxy = 7D2D4AC62358FB74001FEEA4 /* PBXContainerItemProxy */;
		};
		7D2D4ADC235931D3001FEEA4 /* PBXTargetDependency */ = {
			isa = PBXTargetDependency;
			target = 7D2D4AD0235931D2001FEEA4 /* OSG */;
			targetProxy = 7D2D4ADB235931D3001FEEA4 /* PBXContainerItemProxy */;
		};
		7D2D4AEE23593A36001FEEA4 /* PBXTargetDependency */ = {
			isa = PBXTargetDependency;
			target = 7D2D4AD0235931D2001FEEA4 /* OSG */;
			targetProxy = 7D2D4AED23593A36001FEEA4 /* PBXContainerItemProxy */;
		};
		7D2D4AF223593A53001FEEA4 /* PBXTargetDependency */ = {
			isa = PBXTargetDependency;
			target = 7DF66E172357589A00FA7AD5 /* Oberon */;
			targetProxy = 7D2D4AF123593A53001FEEA4 /* PBXContainerItemProxy */;
		};
		7D2D4AF623593A53001FEEA4 /* PBXTargetDependency */ = {
			isa = PBXTargetDependency;
			target = 7DF66E4D235778FE00FA7AD5 /* OSS */;
			targetProxy = 7D2D4AF523593A53001FEEA4 /* PBXContainerItemProxy */;
		};
		7D2D4AFA23593A53001FEEA4 /* PBXTargetDependency */ = {
			isa = PBXTargetDependency;
			target = 7DF66DE82357567F00FA7AD5 /* Texts */;
			targetProxy = 7D2D4AF923593A53001FEEA4 /* PBXContainerItemProxy */;
		};
		7D2D4B0C235953E6001FEEA4 /* PBXTargetDependency */ = {
			isa = PBXTargetDependency;
			target = 7D2D4B00235953E5001FEEA4 /* RISC */;
			targetProxy = 7D2D4B0B235953E6001FEEA4 /* PBXContainerItemProxy */;
		};
		7D2D4B1E2359566C001FEEA4 /* PBXTargetDependency */ = {
			isa = PBXTargetDependency;
			target = 7DF66E172357589A00FA7AD5 /* Oberon */;
			targetProxy = 7D2D4B1D2359566C001FEEA4 /* PBXContainerItemProxy */;
		};
		7D2D4B2323595688001FEEA4 /* PBXTargetDependency */ = {
			isa = PBXTargetDependency;
			target = 7D2D4B00235953E5001FEEA4 /* RISC */;
			targetProxy = 7D2D4B2223595688001FEEA4 /* PBXContainerItemProxy */;
		};
		7DE636BC23577D0C00803EE6 /* PBXTargetDependency */ = {
			isa = PBXTargetDependency;
			target = 7DF66E172357589A00FA7AD5 /* Oberon */;
			targetProxy = 7DE636BB23577D0C00803EE6 /* PBXContainerItemProxy */;
		};
		7DE636C023577D0C00803EE6 /* PBXTargetDependency */ = {
			isa = PBXTargetDependency;
			target = 7DF66DE82357567F00FA7AD5 /* Texts */;
			targetProxy = 7DE636BF23577D0C00803EE6 /* PBXContainerItemProxy */;
		};
		7DF66DF42357568200FA7AD5 /* PBXTargetDependency */ = {
			isa = PBXTargetDependency;
			target = 7DF66DE82357567F00FA7AD5 /* Texts */;
			targetProxy = 7DF66DF32357568200FA7AD5 /* PBXContainerItemProxy */;
		};
		7DF66E232357589B00FA7AD5 /* PBXTargetDependency */ = {
			isa = PBXTargetDependency;
			target = 7DF66E172357589A00FA7AD5 /* Oberon */;
			targetProxy = 7DF66E222357589B00FA7AD5 /* PBXContainerItemProxy */;
		};
		7DF66E4223576A3300FA7AD5 /* PBXTargetDependency */ = {
			isa = PBXTargetDependency;
			target = 7DF66E172357589A00FA7AD5 /* Oberon */;
			targetProxy = 7DF66E4123576A3300FA7AD5 /* PBXContainerItemProxy */;
		};
		7DF66E59235778FE00FA7AD5 /* PBXTargetDependency */ = {
			isa = PBXTargetDependency;
			target = 7DF66E4D235778FE00FA7AD5 /* OSS */;
			targetProxy = 7DF66E58235778FE00FA7AD5 /* PBXContainerItemProxy */;
		};
/* End PBXTargetDependency section */

/* Begin XCBuildConfiguration section */
		7D2D4AB62358FB63001FEEA4 /* Debug */ = {
			isa = XCBuildConfiguration;
			buildSettings = {
				CLANG_ENABLE_MODULES = YES;
				CODE_SIGN_STYLE = Automatic;
				COMBINE_HIDPI_IMAGES = YES;
				CURRENT_PROJECT_VERSION = 1;
				DEFINES_MODULE = YES;
				DEVELOPMENT_TEAM = B6QFK6MJHL;
				DYLIB_COMPATIBILITY_VERSION = 1;
				DYLIB_CURRENT_VERSION = 1;
				DYLIB_INSTALL_NAME_BASE = "@rpath";
				INFOPLIST_FILE = OSP/Info.plist;
				INSTALL_PATH = "$(LOCAL_LIBRARY_DIR)/Frameworks";
				LD_RUNPATH_SEARCH_PATHS = (
					"$(inherited)",
					"@executable_path/../Frameworks",
					"@loader_path/Frameworks",
				);
				PRODUCT_BUNDLE_IDENTIFIER = SkyNet.OSP;
				PRODUCT_NAME = "$(TARGET_NAME:c99extidentifier)";
				SKIP_INSTALL = YES;
				SWIFT_OPTIMIZATION_LEVEL = "-Onone";
				SWIFT_VERSION = 5.0;
				VERSIONING_SYSTEM = "apple-generic";
				VERSION_INFO_PREFIX = "";
			};
			name = Debug;
		};
		7D2D4AB72358FB63001FEEA4 /* Release */ = {
			isa = XCBuildConfiguration;
			buildSettings = {
				CLANG_ENABLE_MODULES = YES;
				CODE_SIGN_STYLE = Automatic;
				COMBINE_HIDPI_IMAGES = YES;
				CURRENT_PROJECT_VERSION = 1;
				DEFINES_MODULE = YES;
				DEVELOPMENT_TEAM = B6QFK6MJHL;
				DYLIB_COMPATIBILITY_VERSION = 1;
				DYLIB_CURRENT_VERSION = 1;
				DYLIB_INSTALL_NAME_BASE = "@rpath";
				INFOPLIST_FILE = OSP/Info.plist;
				INSTALL_PATH = "$(LOCAL_LIBRARY_DIR)/Frameworks";
				LD_RUNPATH_SEARCH_PATHS = (
					"$(inherited)",
					"@executable_path/../Frameworks",
					"@loader_path/Frameworks",
				);
				PRODUCT_BUNDLE_IDENTIFIER = SkyNet.OSP;
				PRODUCT_NAME = "$(TARGET_NAME:c99extidentifier)";
				SKIP_INSTALL = YES;
				SWIFT_VERSION = 5.0;
				VERSIONING_SYSTEM = "apple-generic";
				VERSION_INFO_PREFIX = "";
			};
			name = Release;
		};
		7D2D4AB82358FB63001FEEA4 /* Debug */ = {
			isa = XCBuildConfiguration;
			buildSettings = {
				ALWAYS_EMBED_SWIFT_STANDARD_LIBRARIES = YES;
				CODE_SIGN_STYLE = Automatic;
				COMBINE_HIDPI_IMAGES = YES;
				DEVELOPMENT_TEAM = B6QFK6MJHL;
				INFOPLIST_FILE = OSPTests/Info.plist;
				LD_RUNPATH_SEARCH_PATHS = (
					"$(inherited)",
					"@executable_path/../Frameworks",
					"@loader_path/../Frameworks",
				);
				PRODUCT_BUNDLE_IDENTIFIER = SkyNet.OSPTests;
				PRODUCT_NAME = "$(TARGET_NAME)";
				SWIFT_VERSION = 5.0;
			};
			name = Debug;
		};
		7D2D4AB92358FB63001FEEA4 /* Release */ = {
			isa = XCBuildConfiguration;
			buildSettings = {
				ALWAYS_EMBED_SWIFT_STANDARD_LIBRARIES = YES;
				CODE_SIGN_STYLE = Automatic;
				COMBINE_HIDPI_IMAGES = YES;
				DEVELOPMENT_TEAM = B6QFK6MJHL;
				INFOPLIST_FILE = OSPTests/Info.plist;
				LD_RUNPATH_SEARCH_PATHS = (
					"$(inherited)",
					"@executable_path/../Frameworks",
					"@loader_path/../Frameworks",
				);
				PRODUCT_BUNDLE_IDENTIFIER = SkyNet.OSPTests;
				PRODUCT_NAME = "$(TARGET_NAME)";
				SWIFT_VERSION = 5.0;
			};
			name = Release;
		};
		7D2D4AE3235931D3001FEEA4 /* Debug */ = {
			isa = XCBuildConfiguration;
			buildSettings = {
				CLANG_ENABLE_MODULES = YES;
				CODE_SIGN_STYLE = Automatic;
				COMBINE_HIDPI_IMAGES = YES;
				CURRENT_PROJECT_VERSION = 1;
				DEFINES_MODULE = YES;
				DEVELOPMENT_TEAM = B6QFK6MJHL;
				DYLIB_COMPATIBILITY_VERSION = 1;
				DYLIB_CURRENT_VERSION = 1;
				DYLIB_INSTALL_NAME_BASE = "@rpath";
				INFOPLIST_FILE = OSG/Info.plist;
				INSTALL_PATH = "$(LOCAL_LIBRARY_DIR)/Frameworks";
				LD_RUNPATH_SEARCH_PATHS = (
					"$(inherited)",
					"@executable_path/../Frameworks",
					"@loader_path/Frameworks",
				);
				PRODUCT_BUNDLE_IDENTIFIER = SkyNet.OSG;
				PRODUCT_NAME = "$(TARGET_NAME:c99extidentifier)";
				SKIP_INSTALL = YES;
				SWIFT_OPTIMIZATION_LEVEL = "-Onone";
				SWIFT_VERSION = 5.0;
				VERSIONING_SYSTEM = "apple-generic";
				VERSION_INFO_PREFIX = "";
			};
			name = Debug;
		};
		7D2D4AE4235931D3001FEEA4 /* Release */ = {
			isa = XCBuildConfiguration;
			buildSettings = {
				CLANG_ENABLE_MODULES = YES;
				CODE_SIGN_STYLE = Automatic;
				COMBINE_HIDPI_IMAGES = YES;
				CURRENT_PROJECT_VERSION = 1;
				DEFINES_MODULE = YES;
				DEVELOPMENT_TEAM = B6QFK6MJHL;
				DYLIB_COMPATIBILITY_VERSION = 1;
				DYLIB_CURRENT_VERSION = 1;
				DYLIB_INSTALL_NAME_BASE = "@rpath";
				INFOPLIST_FILE = OSG/Info.plist;
				INSTALL_PATH = "$(LOCAL_LIBRARY_DIR)/Frameworks";
				LD_RUNPATH_SEARCH_PATHS = (
					"$(inherited)",
					"@executable_path/../Frameworks",
					"@loader_path/Frameworks",
				);
				PRODUCT_BUNDLE_IDENTIFIER = SkyNet.OSG;
				PRODUCT_NAME = "$(TARGET_NAME:c99extidentifier)";
				SKIP_INSTALL = YES;
				SWIFT_VERSION = 5.0;
				VERSIONING_SYSTEM = "apple-generic";
				VERSION_INFO_PREFIX = "";
			};
			name = Release;
		};
		7D2D4AE6235931D3001FEEA4 /* Debug */ = {
			isa = XCBuildConfiguration;
			buildSettings = {
				ALWAYS_EMBED_SWIFT_STANDARD_LIBRARIES = YES;
				CODE_SIGN_STYLE = Automatic;
				COMBINE_HIDPI_IMAGES = YES;
				DEVELOPMENT_TEAM = B6QFK6MJHL;
				INFOPLIST_FILE = OSGTests/Info.plist;
				LD_RUNPATH_SEARCH_PATHS = (
					"$(inherited)",
					"@executable_path/../Frameworks",
					"@loader_path/../Frameworks",
				);
				PRODUCT_BUNDLE_IDENTIFIER = SkyNet.OSGTests;
				PRODUCT_NAME = "$(TARGET_NAME)";
				SWIFT_VERSION = 5.0;
			};
			name = Debug;
		};
		7D2D4AE7235931D3001FEEA4 /* Release */ = {
			isa = XCBuildConfiguration;
			buildSettings = {
				ALWAYS_EMBED_SWIFT_STANDARD_LIBRARIES = YES;
				CODE_SIGN_STYLE = Automatic;
				COMBINE_HIDPI_IMAGES = YES;
				DEVELOPMENT_TEAM = B6QFK6MJHL;
				INFOPLIST_FILE = OSGTests/Info.plist;
				LD_RUNPATH_SEARCH_PATHS = (
					"$(inherited)",
					"@executable_path/../Frameworks",
					"@loader_path/../Frameworks",
				);
				PRODUCT_BUNDLE_IDENTIFIER = SkyNet.OSGTests;
				PRODUCT_NAME = "$(TARGET_NAME)";
				SWIFT_VERSION = 5.0;
			};
			name = Release;
		};
		7D2D4B13235953E6001FEEA4 /* Debug */ = {
			isa = XCBuildConfiguration;
			buildSettings = {
				CLANG_ENABLE_MODULES = YES;
				CODE_SIGN_STYLE = Automatic;
				COMBINE_HIDPI_IMAGES = YES;
				CURRENT_PROJECT_VERSION = 1;
				DEFINES_MODULE = YES;
				DEVELOPMENT_TEAM = B6QFK6MJHL;
				DYLIB_COMPATIBILITY_VERSION = 1;
				DYLIB_CURRENT_VERSION = 1;
				DYLIB_INSTALL_NAME_BASE = "@rpath";
				INFOPLIST_FILE = RISC/Info.plist;
				INSTALL_PATH = "$(LOCAL_LIBRARY_DIR)/Frameworks";
				LD_RUNPATH_SEARCH_PATHS = (
					"$(inherited)",
					"@executable_path/../Frameworks",
					"@loader_path/Frameworks",
				);
				PRODUCT_BUNDLE_IDENTIFIER = SkyNet.RISC;
				PRODUCT_NAME = "$(TARGET_NAME:c99extidentifier)";
				SKIP_INSTALL = YES;
				SWIFT_OPTIMIZATION_LEVEL = "-Onone";
				SWIFT_VERSION = 5.0;
				VERSIONING_SYSTEM = "apple-generic";
				VERSION_INFO_PREFIX = "";
			};
			name = Debug;
		};
		7D2D4B14235953E6001FEEA4 /* Release */ = {
			isa = XCBuildConfiguration;
			buildSettings = {
				CLANG_ENABLE_MODULES = YES;
				CODE_SIGN_STYLE = Automatic;
				COMBINE_HIDPI_IMAGES = YES;
				CURRENT_PROJECT_VERSION = 1;
				DEFINES_MODULE = YES;
				DEVELOPMENT_TEAM = B6QFK6MJHL;
				DYLIB_COMPATIBILITY_VERSION = 1;
				DYLIB_CURRENT_VERSION = 1;
				DYLIB_INSTALL_NAME_BASE = "@rpath";
				INFOPLIST_FILE = RISC/Info.plist;
				INSTALL_PATH = "$(LOCAL_LIBRARY_DIR)/Frameworks";
				LD_RUNPATH_SEARCH_PATHS = (
					"$(inherited)",
					"@executable_path/../Frameworks",
					"@loader_path/Frameworks",
				);
				PRODUCT_BUNDLE_IDENTIFIER = SkyNet.RISC;
				PRODUCT_NAME = "$(TARGET_NAME:c99extidentifier)";
				SKIP_INSTALL = YES;
				SWIFT_VERSION = 5.0;
				VERSIONING_SYSTEM = "apple-generic";
				VERSION_INFO_PREFIX = "";
			};
			name = Release;
		};
		7D2D4B16235953E6001FEEA4 /* Debug */ = {
			isa = XCBuildConfiguration;
			buildSettings = {
				ALWAYS_EMBED_SWIFT_STANDARD_LIBRARIES = YES;
				CODE_SIGN_STYLE = Automatic;
				COMBINE_HIDPI_IMAGES = YES;
				DEVELOPMENT_TEAM = B6QFK6MJHL;
				INFOPLIST_FILE = RISCTests/Info.plist;
				LD_RUNPATH_SEARCH_PATHS = (
					"$(inherited)",
					"@executable_path/../Frameworks",
					"@loader_path/../Frameworks",
				);
				PRODUCT_BUNDLE_IDENTIFIER = SkyNet.RISCTests;
				PRODUCT_NAME = "$(TARGET_NAME)";
				SWIFT_VERSION = 5.0;
			};
			name = Debug;
		};
		7D2D4B17235953E6001FEEA4 /* Release */ = {
			isa = XCBuildConfiguration;
			buildSettings = {
				ALWAYS_EMBED_SWIFT_STANDARD_LIBRARIES = YES;
				CODE_SIGN_STYLE = Automatic;
				COMBINE_HIDPI_IMAGES = YES;
				DEVELOPMENT_TEAM = B6QFK6MJHL;
				INFOPLIST_FILE = RISCTests/Info.plist;
				LD_RUNPATH_SEARCH_PATHS = (
					"$(inherited)",
					"@executable_path/../Frameworks",
					"@loader_path/../Frameworks",
				);
				PRODUCT_BUNDLE_IDENTIFIER = SkyNet.RISCTests;
				PRODUCT_NAME = "$(TARGET_NAME)";
				SWIFT_VERSION = 5.0;
			};
			name = Release;
		};
		7DF66DDF2357564300FA7AD5 /* Debug */ = {
			isa = XCBuildConfiguration;
			buildSettings = {
				ALWAYS_SEARCH_USER_PATHS = NO;
				CLANG_ANALYZER_NONNULL = YES;
				CLANG_ANALYZER_NUMBER_OBJECT_CONVERSION = YES_AGGRESSIVE;
				CLANG_CXX_LANGUAGE_STANDARD = "gnu++14";
				CLANG_CXX_LIBRARY = "libc++";
				CLANG_ENABLE_MODULES = YES;
				CLANG_ENABLE_OBJC_ARC = YES;
				CLANG_ENABLE_OBJC_WEAK = YES;
				CLANG_WARN_BLOCK_CAPTURE_AUTORELEASING = YES;
				CLANG_WARN_BOOL_CONVERSION = YES;
				CLANG_WARN_COMMA = YES;
				CLANG_WARN_CONSTANT_CONVERSION = YES;
				CLANG_WARN_DEPRECATED_OBJC_IMPLEMENTATIONS = YES;
				CLANG_WARN_DIRECT_OBJC_ISA_USAGE = YES_ERROR;
				CLANG_WARN_DOCUMENTATION_COMMENTS = YES;
				CLANG_WARN_EMPTY_BODY = YES;
				CLANG_WARN_ENUM_CONVERSION = YES;
				CLANG_WARN_INFINITE_RECURSION = YES;
				CLANG_WARN_INT_CONVERSION = YES;
				CLANG_WARN_NON_LITERAL_NULL_CONVERSION = YES;
				CLANG_WARN_OBJC_IMPLICIT_RETAIN_SELF = YES;
				CLANG_WARN_OBJC_LITERAL_CONVERSION = YES;
				CLANG_WARN_OBJC_ROOT_CLASS = YES_ERROR;
				CLANG_WARN_RANGE_LOOP_ANALYSIS = YES;
				CLANG_WARN_STRICT_PROTOTYPES = YES;
				CLANG_WARN_SUSPICIOUS_MOVE = YES;
				CLANG_WARN_UNGUARDED_AVAILABILITY = YES_AGGRESSIVE;
				CLANG_WARN_UNREACHABLE_CODE = YES;
				CLANG_WARN__DUPLICATE_METHOD_MATCH = YES;
				COPY_PHASE_STRIP = NO;
				DEBUG_INFORMATION_FORMAT = dwarf;
				ENABLE_STRICT_OBJC_MSGSEND = YES;
				ENABLE_TESTABILITY = YES;
				GCC_C_LANGUAGE_STANDARD = gnu11;
				GCC_DYNAMIC_NO_PIC = NO;
				GCC_NO_COMMON_BLOCKS = YES;
				GCC_OPTIMIZATION_LEVEL = 0;
				GCC_PREPROCESSOR_DEFINITIONS = (
					"DEBUG=1",
					"$(inherited)",
				);
				GCC_WARN_64_TO_32_BIT_CONVERSION = YES;
				GCC_WARN_ABOUT_RETURN_TYPE = YES_ERROR;
				GCC_WARN_UNDECLARED_SELECTOR = YES;
				GCC_WARN_UNINITIALIZED_AUTOS = YES_AGGRESSIVE;
				GCC_WARN_UNUSED_FUNCTION = YES;
				GCC_WARN_UNUSED_VARIABLE = YES;
				MACOSX_DEPLOYMENT_TARGET = 10.15;
				MTL_ENABLE_DEBUG_INFO = INCLUDE_SOURCE;
				MTL_FAST_MATH = YES;
				ONLY_ACTIVE_ARCH = YES;
				SDKROOT = macosx;
				SWIFT_ACTIVE_COMPILATION_CONDITIONS = DEBUG;
				SWIFT_OPTIMIZATION_LEVEL = "-Onone";
			};
			name = Debug;
		};
		7DF66DE02357564300FA7AD5 /* Release */ = {
			isa = XCBuildConfiguration;
			buildSettings = {
				ALWAYS_SEARCH_USER_PATHS = NO;
				CLANG_ANALYZER_NONNULL = YES;
				CLANG_ANALYZER_NUMBER_OBJECT_CONVERSION = YES_AGGRESSIVE;
				CLANG_CXX_LANGUAGE_STANDARD = "gnu++14";
				CLANG_CXX_LIBRARY = "libc++";
				CLANG_ENABLE_MODULES = YES;
				CLANG_ENABLE_OBJC_ARC = YES;
				CLANG_ENABLE_OBJC_WEAK = YES;
				CLANG_WARN_BLOCK_CAPTURE_AUTORELEASING = YES;
				CLANG_WARN_BOOL_CONVERSION = YES;
				CLANG_WARN_COMMA = YES;
				CLANG_WARN_CONSTANT_CONVERSION = YES;
				CLANG_WARN_DEPRECATED_OBJC_IMPLEMENTATIONS = YES;
				CLANG_WARN_DIRECT_OBJC_ISA_USAGE = YES_ERROR;
				CLANG_WARN_DOCUMENTATION_COMMENTS = YES;
				CLANG_WARN_EMPTY_BODY = YES;
				CLANG_WARN_ENUM_CONVERSION = YES;
				CLANG_WARN_INFINITE_RECURSION = YES;
				CLANG_WARN_INT_CONVERSION = YES;
				CLANG_WARN_NON_LITERAL_NULL_CONVERSION = YES;
				CLANG_WARN_OBJC_IMPLICIT_RETAIN_SELF = YES;
				CLANG_WARN_OBJC_LITERAL_CONVERSION = YES;
				CLANG_WARN_OBJC_ROOT_CLASS = YES_ERROR;
				CLANG_WARN_RANGE_LOOP_ANALYSIS = YES;
				CLANG_WARN_STRICT_PROTOTYPES = YES;
				CLANG_WARN_SUSPICIOUS_MOVE = YES;
				CLANG_WARN_UNGUARDED_AVAILABILITY = YES_AGGRESSIVE;
				CLANG_WARN_UNREACHABLE_CODE = YES;
				CLANG_WARN__DUPLICATE_METHOD_MATCH = YES;
				COPY_PHASE_STRIP = NO;
				DEBUG_INFORMATION_FORMAT = "dwarf-with-dsym";
				ENABLE_NS_ASSERTIONS = NO;
				ENABLE_STRICT_OBJC_MSGSEND = YES;
				GCC_C_LANGUAGE_STANDARD = gnu11;
				GCC_NO_COMMON_BLOCKS = YES;
				GCC_WARN_64_TO_32_BIT_CONVERSION = YES;
				GCC_WARN_ABOUT_RETURN_TYPE = YES_ERROR;
				GCC_WARN_UNDECLARED_SELECTOR = YES;
				GCC_WARN_UNINITIALIZED_AUTOS = YES_AGGRESSIVE;
				GCC_WARN_UNUSED_FUNCTION = YES;
				GCC_WARN_UNUSED_VARIABLE = YES;
				MACOSX_DEPLOYMENT_TARGET = 10.15;
				MTL_ENABLE_DEBUG_INFO = NO;
				MTL_FAST_MATH = YES;
				SDKROOT = macosx;
				SWIFT_COMPILATION_MODE = wholemodule;
				SWIFT_OPTIMIZATION_LEVEL = "-O";
			};
			name = Release;
		};
		7DF66DE22357564300FA7AD5 /* Debug */ = {
			isa = XCBuildConfiguration;
			buildSettings = {
				CODE_SIGN_STYLE = Automatic;
				DEVELOPMENT_TEAM = B6QFK6MJHL;
				ENABLE_HARDENED_RUNTIME = YES;
				PRODUCT_NAME = "$(TARGET_NAME)";
				SWIFT_VERSION = 5.0;
			};
			name = Debug;
		};
		7DF66DE32357564300FA7AD5 /* Release */ = {
			isa = XCBuildConfiguration;
			buildSettings = {
				CODE_SIGN_STYLE = Automatic;
				DEVELOPMENT_TEAM = B6QFK6MJHL;
				ENABLE_HARDENED_RUNTIME = YES;
				PRODUCT_NAME = "$(TARGET_NAME)";
				SWIFT_VERSION = 5.0;
			};
			name = Release;
		};
		7DF66DFB2357568200FA7AD5 /* Debug */ = {
			isa = XCBuildConfiguration;
			buildSettings = {
				CLANG_ENABLE_MODULES = YES;
				CODE_SIGN_STYLE = Automatic;
				COMBINE_HIDPI_IMAGES = YES;
				CURRENT_PROJECT_VERSION = 1;
				DEFINES_MODULE = YES;
				DEVELOPMENT_TEAM = B6QFK6MJHL;
				DYLIB_COMPATIBILITY_VERSION = 1;
				DYLIB_CURRENT_VERSION = 1;
				DYLIB_INSTALL_NAME_BASE = "@rpath";
				INFOPLIST_FILE = Texts/Info.plist;
				INSTALL_PATH = "$(LOCAL_LIBRARY_DIR)/Frameworks";
				LD_RUNPATH_SEARCH_PATHS = (
					"$(inherited)",
					"@executable_path/../Frameworks",
					"@loader_path/Frameworks",
				);
				PRODUCT_BUNDLE_IDENTIFIER = SkyNet.Texts;
				PRODUCT_NAME = "$(TARGET_NAME:c99extidentifier)";
				SKIP_INSTALL = YES;
				SWIFT_OPTIMIZATION_LEVEL = "-Onone";
				SWIFT_VERSION = 5.0;
				VERSIONING_SYSTEM = "apple-generic";
				VERSION_INFO_PREFIX = "";
			};
			name = Debug;
		};
		7DF66DFC2357568200FA7AD5 /* Release */ = {
			isa = XCBuildConfiguration;
			buildSettings = {
				CLANG_ENABLE_MODULES = YES;
				CODE_SIGN_STYLE = Automatic;
				COMBINE_HIDPI_IMAGES = YES;
				CURRENT_PROJECT_VERSION = 1;
				DEFINES_MODULE = YES;
				DEVELOPMENT_TEAM = B6QFK6MJHL;
				DYLIB_COMPATIBILITY_VERSION = 1;
				DYLIB_CURRENT_VERSION = 1;
				DYLIB_INSTALL_NAME_BASE = "@rpath";
				INFOPLIST_FILE = Texts/Info.plist;
				INSTALL_PATH = "$(LOCAL_LIBRARY_DIR)/Frameworks";
				LD_RUNPATH_SEARCH_PATHS = (
					"$(inherited)",
					"@executable_path/../Frameworks",
					"@loader_path/Frameworks",
				);
				PRODUCT_BUNDLE_IDENTIFIER = SkyNet.Texts;
				PRODUCT_NAME = "$(TARGET_NAME:c99extidentifier)";
				SKIP_INSTALL = YES;
				SWIFT_VERSION = 5.0;
				VERSIONING_SYSTEM = "apple-generic";
				VERSION_INFO_PREFIX = "";
			};
			name = Release;
		};
		7DF66DFE2357568200FA7AD5 /* Debug */ = {
			isa = XCBuildConfiguration;
			buildSettings = {
				ALWAYS_EMBED_SWIFT_STANDARD_LIBRARIES = YES;
				CODE_SIGN_STYLE = Automatic;
				COMBINE_HIDPI_IMAGES = YES;
				DEVELOPMENT_TEAM = B6QFK6MJHL;
				INFOPLIST_FILE = TextsTests/Info.plist;
				LD_RUNPATH_SEARCH_PATHS = (
					"$(inherited)",
					"@executable_path/../Frameworks",
					"@loader_path/../Frameworks",
				);
				PRODUCT_BUNDLE_IDENTIFIER = SkyNet.TextsTests;
				PRODUCT_NAME = "$(TARGET_NAME)";
				SWIFT_VERSION = 5.0;
			};
			name = Debug;
		};
		7DF66DFF2357568200FA7AD5 /* Release */ = {
			isa = XCBuildConfiguration;
			buildSettings = {
				ALWAYS_EMBED_SWIFT_STANDARD_LIBRARIES = YES;
				CODE_SIGN_STYLE = Automatic;
				COMBINE_HIDPI_IMAGES = YES;
				DEVELOPMENT_TEAM = B6QFK6MJHL;
				INFOPLIST_FILE = TextsTests/Info.plist;
				LD_RUNPATH_SEARCH_PATHS = (
					"$(inherited)",
					"@executable_path/../Frameworks",
					"@loader_path/../Frameworks",
				);
				PRODUCT_BUNDLE_IDENTIFIER = SkyNet.TextsTests;
				PRODUCT_NAME = "$(TARGET_NAME)";
				SWIFT_VERSION = 5.0;
			};
			name = Release;
		};
		7DF66E2A2357589B00FA7AD5 /* Debug */ = {
			isa = XCBuildConfiguration;
			buildSettings = {
				CLANG_ENABLE_MODULES = YES;
				CODE_SIGN_STYLE = Automatic;
				COMBINE_HIDPI_IMAGES = YES;
				CURRENT_PROJECT_VERSION = 1;
				DEFINES_MODULE = YES;
				DEVELOPMENT_TEAM = B6QFK6MJHL;
				DYLIB_COMPATIBILITY_VERSION = 1;
				DYLIB_CURRENT_VERSION = 1;
				DYLIB_INSTALL_NAME_BASE = "@rpath";
				INFOPLIST_FILE = Oberon/Info.plist;
				INSTALL_PATH = "$(LOCAL_LIBRARY_DIR)/Frameworks";
				LD_RUNPATH_SEARCH_PATHS = (
					"$(inherited)",
					"@executable_path/../Frameworks",
					"@loader_path/Frameworks",
				);
				PRODUCT_BUNDLE_IDENTIFIER = SkyNet.Oberon;
				PRODUCT_NAME = "$(TARGET_NAME:c99extidentifier)";
				SKIP_INSTALL = YES;
				SWIFT_OPTIMIZATION_LEVEL = "-Onone";
				SWIFT_VERSION = 5.0;
				VERSIONING_SYSTEM = "apple-generic";
				VERSION_INFO_PREFIX = "";
			};
			name = Debug;
		};
		7DF66E2B2357589B00FA7AD5 /* Release */ = {
			isa = XCBuildConfiguration;
			buildSettings = {
				CLANG_ENABLE_MODULES = YES;
				CODE_SIGN_STYLE = Automatic;
				COMBINE_HIDPI_IMAGES = YES;
				CURRENT_PROJECT_VERSION = 1;
				DEFINES_MODULE = YES;
				DEVELOPMENT_TEAM = B6QFK6MJHL;
				DYLIB_COMPATIBILITY_VERSION = 1;
				DYLIB_CURRENT_VERSION = 1;
				DYLIB_INSTALL_NAME_BASE = "@rpath";
				INFOPLIST_FILE = Oberon/Info.plist;
				INSTALL_PATH = "$(LOCAL_LIBRARY_DIR)/Frameworks";
				LD_RUNPATH_SEARCH_PATHS = (
					"$(inherited)",
					"@executable_path/../Frameworks",
					"@loader_path/Frameworks",
				);
				PRODUCT_BUNDLE_IDENTIFIER = SkyNet.Oberon;
				PRODUCT_NAME = "$(TARGET_NAME:c99extidentifier)";
				SKIP_INSTALL = YES;
				SWIFT_VERSION = 5.0;
				VERSIONING_SYSTEM = "apple-generic";
				VERSION_INFO_PREFIX = "";
			};
			name = Release;
		};
		7DF66E2D2357589B00FA7AD5 /* Debug */ = {
			isa = XCBuildConfiguration;
			buildSettings = {
				ALWAYS_EMBED_SWIFT_STANDARD_LIBRARIES = YES;
				CODE_SIGN_STYLE = Automatic;
				COMBINE_HIDPI_IMAGES = YES;
				DEVELOPMENT_TEAM = B6QFK6MJHL;
				INFOPLIST_FILE = OberonTests/Info.plist;
				LD_RUNPATH_SEARCH_PATHS = (
					"$(inherited)",
					"@executable_path/../Frameworks",
					"@loader_path/../Frameworks",
				);
				PRODUCT_BUNDLE_IDENTIFIER = SkyNet.OberonTests;
				PRODUCT_NAME = "$(TARGET_NAME)";
				SWIFT_VERSION = 5.0;
			};
			name = Debug;
		};
		7DF66E2E2357589B00FA7AD5 /* Release */ = {
			isa = XCBuildConfiguration;
			buildSettings = {
				ALWAYS_EMBED_SWIFT_STANDARD_LIBRARIES = YES;
				CODE_SIGN_STYLE = Automatic;
				COMBINE_HIDPI_IMAGES = YES;
				DEVELOPMENT_TEAM = B6QFK6MJHL;
				INFOPLIST_FILE = OberonTests/Info.plist;
				LD_RUNPATH_SEARCH_PATHS = (
					"$(inherited)",
					"@executable_path/../Frameworks",
					"@loader_path/../Frameworks",
				);
				PRODUCT_BUNDLE_IDENTIFIER = SkyNet.OberonTests;
				PRODUCT_NAME = "$(TARGET_NAME)";
				SWIFT_VERSION = 5.0;
			};
			name = Release;
		};
		7DF66E60235778FF00FA7AD5 /* Debug */ = {
			isa = XCBuildConfiguration;
			buildSettings = {
				CLANG_ENABLE_MODULES = YES;
				CODE_SIGN_STYLE = Automatic;
				COMBINE_HIDPI_IMAGES = YES;
				CURRENT_PROJECT_VERSION = 1;
				DEFINES_MODULE = YES;
				DEVELOPMENT_TEAM = B6QFK6MJHL;
				DYLIB_COMPATIBILITY_VERSION = 1;
				DYLIB_CURRENT_VERSION = 1;
				DYLIB_INSTALL_NAME_BASE = "@rpath";
				INFOPLIST_FILE = OSS/Info.plist;
				INSTALL_PATH = "$(LOCAL_LIBRARY_DIR)/Frameworks";
				LD_RUNPATH_SEARCH_PATHS = (
					"$(inherited)",
					"@executable_path/../Frameworks",
					"@loader_path/Frameworks",
				);
				PRODUCT_BUNDLE_IDENTIFIER = SkyNet.OSS;
				PRODUCT_NAME = "$(TARGET_NAME:c99extidentifier)";
				SKIP_INSTALL = YES;
				SWIFT_OPTIMIZATION_LEVEL = "-Onone";
				SWIFT_VERSION = 5.0;
				VERSIONING_SYSTEM = "apple-generic";
				VERSION_INFO_PREFIX = "";
			};
			name = Debug;
		};
		7DF66E61235778FF00FA7AD5 /* Release */ = {
			isa = XCBuildConfiguration;
			buildSettings = {
				CLANG_ENABLE_MODULES = YES;
				CODE_SIGN_STYLE = Automatic;
				COMBINE_HIDPI_IMAGES = YES;
				CURRENT_PROJECT_VERSION = 1;
				DEFINES_MODULE = YES;
				DEVELOPMENT_TEAM = B6QFK6MJHL;
				DYLIB_COMPATIBILITY_VERSION = 1;
				DYLIB_CURRENT_VERSION = 1;
				DYLIB_INSTALL_NAME_BASE = "@rpath";
				INFOPLIST_FILE = OSS/Info.plist;
				INSTALL_PATH = "$(LOCAL_LIBRARY_DIR)/Frameworks";
				LD_RUNPATH_SEARCH_PATHS = (
					"$(inherited)",
					"@executable_path/../Frameworks",
					"@loader_path/Frameworks",
				);
				PRODUCT_BUNDLE_IDENTIFIER = SkyNet.OSS;
				PRODUCT_NAME = "$(TARGET_NAME:c99extidentifier)";
				SKIP_INSTALL = YES;
				SWIFT_VERSION = 5.0;
				VERSIONING_SYSTEM = "apple-generic";
				VERSION_INFO_PREFIX = "";
			};
			name = Release;
		};
		7DF66E63235778FF00FA7AD5 /* Debug */ = {
			isa = XCBuildConfiguration;
			buildSettings = {
				ALWAYS_EMBED_SWIFT_STANDARD_LIBRARIES = YES;
				CODE_SIGN_STYLE = Automatic;
				COMBINE_HIDPI_IMAGES = YES;
				DEVELOPMENT_TEAM = B6QFK6MJHL;
				INFOPLIST_FILE = OSSTests/Info.plist;
				LD_RUNPATH_SEARCH_PATHS = (
					"$(inherited)",
					"@executable_path/../Frameworks",
					"@loader_path/../Frameworks",
				);
				PRODUCT_BUNDLE_IDENTIFIER = SkyNet.OSSTests;
				PRODUCT_NAME = "$(TARGET_NAME)";
				SWIFT_VERSION = 5.0;
			};
			name = Debug;
		};
		7DF66E64235778FF00FA7AD5 /* Release */ = {
			isa = XCBuildConfiguration;
			buildSettings = {
				ALWAYS_EMBED_SWIFT_STANDARD_LIBRARIES = YES;
				CODE_SIGN_STYLE = Automatic;
				COMBINE_HIDPI_IMAGES = YES;
				DEVELOPMENT_TEAM = B6QFK6MJHL;
				INFOPLIST_FILE = OSSTests/Info.plist;
				LD_RUNPATH_SEARCH_PATHS = (
					"$(inherited)",
					"@executable_path/../Frameworks",
					"@loader_path/../Frameworks",
				);
				PRODUCT_BUNDLE_IDENTIFIER = SkyNet.OSSTests;
				PRODUCT_NAME = "$(TARGET_NAME)";
				SWIFT_VERSION = 5.0;
			};
			name = Release;
		};
/* End XCBuildConfiguration section */

/* Begin XCConfigurationList section */
		7D2D4ABA2358FB63001FEEA4 /* Build configuration list for PBXNativeTarget "OSP" */ = {
			isa = XCConfigurationList;
			buildConfigurations = (
				7D2D4AB62358FB63001FEEA4 /* Debug */,
				7D2D4AB72358FB63001FEEA4 /* Release */,
			);
			defaultConfigurationIsVisible = 0;
			defaultConfigurationName = Release;
		};
		7D2D4ABB2358FB63001FEEA4 /* Build configuration list for PBXNativeTarget "OSPTests" */ = {
			isa = XCConfigurationList;
			buildConfigurations = (
				7D2D4AB82358FB63001FEEA4 /* Debug */,
				7D2D4AB92358FB63001FEEA4 /* Release */,
			);
			defaultConfigurationIsVisible = 0;
			defaultConfigurationName = Release;
		};
		7D2D4AE2235931D3001FEEA4 /* Build configuration list for PBXNativeTarget "OSG" */ = {
			isa = XCConfigurationList;
			buildConfigurations = (
				7D2D4AE3235931D3001FEEA4 /* Debug */,
				7D2D4AE4235931D3001FEEA4 /* Release */,
			);
			defaultConfigurationIsVisible = 0;
			defaultConfigurationName = Release;
		};
		7D2D4AE5235931D3001FEEA4 /* Build configuration list for PBXNativeTarget "OSGTests" */ = {
			isa = XCConfigurationList;
			buildConfigurations = (
				7D2D4AE6235931D3001FEEA4 /* Debug */,
				7D2D4AE7235931D3001FEEA4 /* Release */,
			);
			defaultConfigurationIsVisible = 0;
			defaultConfigurationName = Release;
		};
		7D2D4B12235953E6001FEEA4 /* Build configuration list for PBXNativeTarget "RISC" */ = {
			isa = XCConfigurationList;
			buildConfigurations = (
				7D2D4B13235953E6001FEEA4 /* Debug */,
				7D2D4B14235953E6001FEEA4 /* Release */,
			);
			defaultConfigurationIsVisible = 0;
			defaultConfigurationName = Release;
		};
		7D2D4B15235953E6001FEEA4 /* Build configuration list for PBXNativeTarget "RISCTests" */ = {
			isa = XCConfigurationList;
			buildConfigurations = (
				7D2D4B16235953E6001FEEA4 /* Debug */,
				7D2D4B17235953E6001FEEA4 /* Release */,
			);
			defaultConfigurationIsVisible = 0;
			defaultConfigurationName = Release;
		};
		7DF66DD52357564200FA7AD5 /* Build configuration list for PBXProject "Oberon-0" */ = {
			isa = XCConfigurationList;
			buildConfigurations = (
				7DF66DDF2357564300FA7AD5 /* Debug */,
				7DF66DE02357564300FA7AD5 /* Release */,
			);
			defaultConfigurationIsVisible = 0;
			defaultConfigurationName = Release;
		};
		7DF66DE12357564300FA7AD5 /* Build configuration list for PBXNativeTarget "Oberon-0" */ = {
			isa = XCConfigurationList;
			buildConfigurations = (
				7DF66DE22357564300FA7AD5 /* Debug */,
				7DF66DE32357564300FA7AD5 /* Release */,
			);
			defaultConfigurationIsVisible = 0;
			defaultConfigurationName = Release;
		};
		7DF66DFA2357568200FA7AD5 /* Build configuration list for PBXNativeTarget "Texts" */ = {
			isa = XCConfigurationList;
			buildConfigurations = (
				7DF66DFB2357568200FA7AD5 /* Debug */,
				7DF66DFC2357568200FA7AD5 /* Release */,
			);
			defaultConfigurationIsVisible = 0;
			defaultConfigurationName = Release;
		};
		7DF66DFD2357568200FA7AD5 /* Build configuration list for PBXNativeTarget "TextsTests" */ = {
			isa = XCConfigurationList;
			buildConfigurations = (
				7DF66DFE2357568200FA7AD5 /* Debug */,
				7DF66DFF2357568200FA7AD5 /* Release */,
			);
			defaultConfigurationIsVisible = 0;
			defaultConfigurationName = Release;
		};
		7DF66E292357589B00FA7AD5 /* Build configuration list for PBXNativeTarget "Oberon" */ = {
			isa = XCConfigurationList;
			buildConfigurations = (
				7DF66E2A2357589B00FA7AD5 /* Debug */,
				7DF66E2B2357589B00FA7AD5 /* Release */,
			);
			defaultConfigurationIsVisible = 0;
			defaultConfigurationName = Release;
		};
		7DF66E2C2357589B00FA7AD5 /* Build configuration list for PBXNativeTarget "OberonTests" */ = {
			isa = XCConfigurationList;
			buildConfigurations = (
				7DF66E2D2357589B00FA7AD5 /* Debug */,
				7DF66E2E2357589B00FA7AD5 /* Release */,
			);
			defaultConfigurationIsVisible = 0;
			defaultConfigurationName = Release;
		};
		7DF66E5F235778FF00FA7AD5 /* Build configuration list for PBXNativeTarget "OSS" */ = {
			isa = XCConfigurationList;
			buildConfigurations = (
				7DF66E60235778FF00FA7AD5 /* Debug */,
				7DF66E61235778FF00FA7AD5 /* Release */,
			);
			defaultConfigurationIsVisible = 0;
			defaultConfigurationName = Release;
		};
		7DF66E62235778FF00FA7AD5 /* Build configuration list for PBXNativeTarget "OSSTests" */ = {
			isa = XCConfigurationList;
			buildConfigurations = (
				7DF66E63235778FF00FA7AD5 /* Debug */,
				7DF66E64235778FF00FA7AD5 /* Release */,
			);
			defaultConfigurationIsVisible = 0;
			defaultConfigurationName = Release;
		};
/* End XCConfigurationList section */
	};
	rootObject = 7DF66DD22357564200FA7AD5 /* Project object */;
}
